Microsoft Visual Studio Solution File, Format Version 11.00
# Visual Studio 2012
Project("{FAE04EC0-301F-11D3-BF4B-00C04F79EFBC}") = "Procon", "Procon\Procon.csproj", "{01BD74F9-866A-4A62-9158-BABEE8C7131E}"
EndProject
Project("{FAE04EC0-301F-11D3-BF4B-00C04F79EFBC}") = "Procon.Core", "Procon.Core\Procon.Core.csproj", "{153B5418-C6B3-43A5-A432-BAFFA8EFAA16}"
EndProject
Project("{FAE04EC0-301F-11D3-BF4B-00C04F79EFBC}") = "Procon.Net", "Procon.Net\Procon.Net.csproj", "{65C1DB17-18E0-4AC5-8709-3F7E04B88CA1}"
EndProject
Project("{FAE04EC0-301F-11D3-BF4B-00C04F79EFBC}") = "Procon.Console", "Procon.Console\Procon.Console.csproj", "{A84339B3-9F3F-4519-BD8E-832B7723AC1E}"
EndProject
Project("{FAE04EC0-301F-11D3-BF4B-00C04F79EFBC}") = "Procon.Net.Console", "Procon.Net.Console\Procon.Net.Console.csproj", "{7769C77A-8479-4149-8364-65B49D5836FB}"
EndProject
Project("{FAE04EC0-301F-11D3-BF4B-00C04F79EFBC}") = "BasicInGameInfo", "BasicInGameInfo\BasicInGameInfo.csproj", "{8C6893B8-8273-487C-8A44-2C25917F40BA}"
EndProject
Project("{FAE04EC0-301F-11D3-BF4B-00C04F79EFBC}") = "Procon.NLP", "Procon.NLP\Procon.NLP.csproj", "{4B55557F-C2AA-4047-9ED9-3E4BBF9CF670}"
EndProject
Project("{FAE04EC0-301F-11D3-BF4B-00C04F79EFBC}") = "Procon.DB", "Procon.DB\Procon.DB.csproj", "{2A03B71C-D6DE-4EA3-B743-F0D34C5D55F5}"
EndProject
Project("{FAE04EC0-301F-11D3-BF4B-00C04F79EFBC}") = "Procon.DB.Test", "Procon.DB.Test\Procon.DB.Test.csproj", "{C486B9CE-F205-4E7F-892E-6CC130A1EC99}"
EndProject
Project("{FAE04EC0-301F-11D3-BF4B-00C04F79EFBC}") = "Procon.UI", "Procon.UI\Procon.UI.csproj", "{671B57AE-BFCA-4250-AC3B-6E72AE738290}"
	ProjectSection(ProjectDependencies) = postProject
		{87B91B4A-ABCC-47CF-AC1F-E35A690C9F85} = {87B91B4A-ABCC-47CF-AC1F-E35A690C9F85}
	EndProjectSection
EndProject
Project("{FAE04EC0-301F-11D3-BF4B-00C04F79EFBC}") = "Procon.UI.Manager", "Procon.UI.Manager\Procon.UI.Manager.csproj", "{1771BFAC-173E-4CEC-BE48-1C30D9CF3FB5}"
EndProject
Project("{FAE04EC0-301F-11D3-BF4B-00C04F79EFBC}") = "Procon.UI.API", "Procon.UI.API\Procon.UI.API.csproj", "{0AAFDE41-6F5B-406A-9001-D4C3EF4B8708}"
EndProject
Project("{FAE04EC0-301F-11D3-BF4B-00C04F79EFBC}") = "Procon.Net.Protocols.Frostbite", "Procon.Net.Protocols.Frostbite\Procon.Net.Protocols.Frostbite.csproj", "{299A4619-928D-4D7F-8857-644B5F57F6FC}"
EndProject
Project("{FAE04EC0-301F-11D3-BF4B-00C04F79EFBC}") = "Procon.Core.NLP.Test", "Procon.NLP.Test\Procon.Core.NLP.Test.csproj", "{EC6141E9-FB3C-4B29-95F5-DEA232AE07CD}"
EndProject
Project("{FAE04EC0-301F-11D3-BF4B-00C04F79EFBC}") = "Procon.UI.Default.Old", "Procon.UI.Default.Old\Procon.UI.Default.Old.csproj", "{0A5E27B3-ACFB-4B6A-B637-74D56E425481}"
EndProject
Project("{FAE04EC0-301F-11D3-BF4B-00C04F79EFBC}") = "Procon.UI.Default", "Procon.UI.Default\Procon.UI.Default.csproj", "{87B91B4A-ABCC-47CF-AC1F-E35A690C9F85}"
EndProject
Global
	GlobalSection(SolutionConfigurationPlatforms) = preSolution
		Debug|Any CPU = Debug|Any CPU
		Debug|Mixed Platforms = Debug|Mixed Platforms
		Debug|x86 = Debug|x86
		Release|Any CPU = Release|Any CPU
		Release|Mixed Platforms = Release|Mixed Platforms
		Release|x86 = Release|x86
	EndGlobalSection
	GlobalSection(ProjectConfigurationPlatforms) = postSolution
		{01BD74F9-866A-4A62-9158-BABEE8C7131E}.Debug|Any CPU.ActiveCfg = Debug|x86
		{01BD74F9-866A-4A62-9158-BABEE8C7131E}.Debug|Any CPU.Build.0 = Debug|x86
		{01BD74F9-866A-4A62-9158-BABEE8C7131E}.Debug|Mixed Platforms.ActiveCfg = Debug|x86
		{01BD74F9-866A-4A62-9158-BABEE8C7131E}.Debug|Mixed Platforms.Build.0 = Debug|x86
		{01BD74F9-866A-4A62-9158-BABEE8C7131E}.Debug|x86.ActiveCfg = Debug|x86
		{01BD74F9-866A-4A62-9158-BABEE8C7131E}.Debug|x86.Build.0 = Debug|x86
		{01BD74F9-866A-4A62-9158-BABEE8C7131E}.Release|Any CPU.ActiveCfg = Release|x86
		{01BD74F9-866A-4A62-9158-BABEE8C7131E}.Release|Any CPU.Build.0 = Release|x86
		{01BD74F9-866A-4A62-9158-BABEE8C7131E}.Release|Mixed Platforms.ActiveCfg = Release|x86
		{01BD74F9-866A-4A62-9158-BABEE8C7131E}.Release|Mixed Platforms.Build.0 = Release|x86
		{01BD74F9-866A-4A62-9158-BABEE8C7131E}.Release|x86.ActiveCfg = Release|x86
		{01BD74F9-866A-4A62-9158-BABEE8C7131E}.Release|x86.Build.0 = Release|x86
		{0A5E27B3-ACFB-4B6A-B637-74D56E425481}.Debug|Any CPU.ActiveCfg = Debug|x86
		{0A5E27B3-ACFB-4B6A-B637-74D56E425481}.Debug|Mixed Platforms.ActiveCfg = Debug|x86
		{0A5E27B3-ACFB-4B6A-B637-74D56E425481}.Debug|x86.ActiveCfg = Debug|x86
		{0A5E27B3-ACFB-4B6A-B637-74D56E425481}.Debug|x86.Build.0 = Debug|x86
		{0A5E27B3-ACFB-4B6A-B637-74D56E425481}.Release|Any CPU.ActiveCfg = Release|x86
		{0A5E27B3-ACFB-4B6A-B637-74D56E425481}.Release|Mixed Platforms.ActiveCfg = Release|x86
		{0A5E27B3-ACFB-4B6A-B637-74D56E425481}.Release|Mixed Platforms.Build.0 = Release|x86
		{0A5E27B3-ACFB-4B6A-B637-74D56E425481}.Release|x86.ActiveCfg = Release|x86
		{0A5E27B3-ACFB-4B6A-B637-74D56E425481}.Release|x86.Build.0 = Release|x86
		{0AAFDE41-6F5B-406A-9001-D4C3EF4B8708}.Debug|Any CPU.ActiveCfg = Debug|x86
		{0AAFDE41-6F5B-406A-9001-D4C3EF4B8708}.Debug|Mixed Platforms.ActiveCfg = Debug|x86
		{0AAFDE41-6F5B-406A-9001-D4C3EF4B8708}.Debug|Mixed Platforms.Build.0 = Debug|x86
		{0AAFDE41-6F5B-406A-9001-D4C3EF4B8708}.Debug|x86.ActiveCfg = Debug|x86
		{0AAFDE41-6F5B-406A-9001-D4C3EF4B8708}.Debug|x86.Build.0 = Debug|x86
		{0AAFDE41-6F5B-406A-9001-D4C3EF4B8708}.Release|Any CPU.ActiveCfg = Release|x86
		{0AAFDE41-6F5B-406A-9001-D4C3EF4B8708}.Release|Mixed Platforms.ActiveCfg = Release|x86
		{0AAFDE41-6F5B-406A-9001-D4C3EF4B8708}.Release|Mixed Platforms.Build.0 = Release|x86
		{0AAFDE41-6F5B-406A-9001-D4C3EF4B8708}.Release|x86.ActiveCfg = Release|x86
		{0AAFDE41-6F5B-406A-9001-D4C3EF4B8708}.Release|x86.Build.0 = Release|x86
		{153B5418-C6B3-43A5-A432-BAFFA8EFAA16}.Debug|Any CPU.ActiveCfg = Debug|Any CPU
		{153B5418-C6B3-43A5-A432-BAFFA8EFAA16}.Debug|Any CPU.Build.0 = Debug|Any CPU
		{153B5418-C6B3-43A5-A432-BAFFA8EFAA16}.Debug|Mixed Platforms.ActiveCfg = Debug|Any CPU
		{153B5418-C6B3-43A5-A432-BAFFA8EFAA16}.Debug|Mixed Platforms.Build.0 = Debug|Any CPU
		{153B5418-C6B3-43A5-A432-BAFFA8EFAA16}.Debug|x86.ActiveCfg = Debug|Any CPU
		{153B5418-C6B3-43A5-A432-BAFFA8EFAA16}.Release|Any CPU.ActiveCfg = Release|Any CPU
		{153B5418-C6B3-43A5-A432-BAFFA8EFAA16}.Release|Any CPU.Build.0 = Release|Any CPU
		{153B5418-C6B3-43A5-A432-BAFFA8EFAA16}.Release|Mixed Platforms.ActiveCfg = Release|Any CPU
		{153B5418-C6B3-43A5-A432-BAFFA8EFAA16}.Release|Mixed Platforms.Build.0 = Release|Any CPU
		{153B5418-C6B3-43A5-A432-BAFFA8EFAA16}.Release|x86.ActiveCfg = Release|Any CPU
		{1771BFAC-173E-4CEC-BE48-1C30D9CF3FB5}.Debug|Any CPU.ActiveCfg = Debug|x86
		{1771BFAC-173E-4CEC-BE48-1C30D9CF3FB5}.Debug|Mixed Platforms.ActiveCfg = Debug|x86
		{1771BFAC-173E-4CEC-BE48-1C30D9CF3FB5}.Debug|x86.ActiveCfg = Debug|x86
		{1771BFAC-173E-4CEC-BE48-1C30D9CF3FB5}.Debug|x86.Build.0 = Debug|x86
		{1771BFAC-173E-4CEC-BE48-1C30D9CF3FB5}.Release|Any CPU.ActiveCfg = Release|x86
		{1771BFAC-173E-4CEC-BE48-1C30D9CF3FB5}.Release|Mixed Platforms.ActiveCfg = Release|x86
		{1771BFAC-173E-4CEC-BE48-1C30D9CF3FB5}.Release|Mixed Platforms.Build.0 = Release|x86
		{1771BFAC-173E-4CEC-BE48-1C30D9CF3FB5}.Release|x86.ActiveCfg = Release|x86
		{1771BFAC-173E-4CEC-BE48-1C30D9CF3FB5}.Release|x86.Build.0 = Release|x86
		{299A4619-928D-4D7F-8857-644B5F57F6FC}.Debug|Any CPU.ActiveCfg = Debug|Any CPU
		{299A4619-928D-4D7F-8857-644B5F57F6FC}.Debug|Any CPU.Build.0 = Debug|Any CPU
		{299A4619-928D-4D7F-8857-644B5F57F6FC}.Debug|Mixed Platforms.ActiveCfg = Debug|Any CPU
		{299A4619-928D-4D7F-8857-644B5F57F6FC}.Debug|Mixed Platforms.Build.0 = Debug|Any CPU
		{299A4619-928D-4D7F-8857-644B5F57F6FC}.Debug|x86.ActiveCfg = Debug|Any CPU
		{299A4619-928D-4D7F-8857-644B5F57F6FC}.Release|Any CPU.ActiveCfg = Release|Any CPU
		{299A4619-928D-4D7F-8857-644B5F57F6FC}.Release|Any CPU.Build.0 = Release|Any CPU
		{299A4619-928D-4D7F-8857-644B5F57F6FC}.Release|Mixed Platforms.ActiveCfg = Release|Any CPU
		{299A4619-928D-4D7F-8857-644B5F57F6FC}.Release|Mixed Platforms.Build.0 = Release|Any CPU
		{299A4619-928D-4D7F-8857-644B5F57F6FC}.Release|x86.ActiveCfg = Release|Any CPU
		{2A03B71C-D6DE-4EA3-B743-F0D34C5D55F5}.Debug|Any CPU.ActiveCfg = Debug|Any CPU
		{2A03B71C-D6DE-4EA3-B743-F0D34C5D55F5}.Debug|Any CPU.Build.0 = Debug|Any CPU
		{2A03B71C-D6DE-4EA3-B743-F0D34C5D55F5}.Debug|Mixed Platforms.ActiveCfg = Debug|Any CPU
		{2A03B71C-D6DE-4EA3-B743-F0D34C5D55F5}.Debug|Mixed Platforms.Build.0 = Debug|Any CPU
		{2A03B71C-D6DE-4EA3-B743-F0D34C5D55F5}.Debug|x86.ActiveCfg = Debug|Any CPU
		{2A03B71C-D6DE-4EA3-B743-F0D34C5D55F5}.Release|Any CPU.ActiveCfg = Release|Any CPU
		{2A03B71C-D6DE-4EA3-B743-F0D34C5D55F5}.Release|Any CPU.Build.0 = Release|Any CPU
		{2A03B71C-D6DE-4EA3-B743-F0D34C5D55F5}.Release|Mixed Platforms.ActiveCfg = Release|Any CPU
		{2A03B71C-D6DE-4EA3-B743-F0D34C5D55F5}.Release|Mixed Platforms.Build.0 = Release|Any CPU
		{2A03B71C-D6DE-4EA3-B743-F0D34C5D55F5}.Release|x86.ActiveCfg = Release|Any CPU
		{4B55557F-C2AA-4047-9ED9-3E4BBF9CF670}.Debug|Any CPU.ActiveCfg = Debug|Any CPU
		{4B55557F-C2AA-4047-9ED9-3E4BBF9CF670}.Debug|Any CPU.Build.0 = Debug|Any CPU
		{4B55557F-C2AA-4047-9ED9-3E4BBF9CF670}.Debug|Mixed Platforms.ActiveCfg = Debug|Any CPU
		{4B55557F-C2AA-4047-9ED9-3E4BBF9CF670}.Debug|Mixed Platforms.Build.0 = Debug|Any CPU
		{4B55557F-C2AA-4047-9ED9-3E4BBF9CF670}.Debug|x86.ActiveCfg = Debug|Any CPU
		{4B55557F-C2AA-4047-9ED9-3E4BBF9CF670}.Release|Any CPU.ActiveCfg = Release|Any CPU
		{4B55557F-C2AA-4047-9ED9-3E4BBF9CF670}.Release|Any CPU.Build.0 = Release|Any CPU
		{4B55557F-C2AA-4047-9ED9-3E4BBF9CF670}.Release|Mixed Platforms.ActiveCfg = Release|Any CPU
		{4B55557F-C2AA-4047-9ED9-3E4BBF9CF670}.Release|Mixed Platforms.Build.0 = Release|Any CPU
		{4B55557F-C2AA-4047-9ED9-3E4BBF9CF670}.Release|x86.ActiveCfg = Release|Any CPU
		{65C1DB17-18E0-4AC5-8709-3F7E04B88CA1}.Debug|Any CPU.ActiveCfg = Debug|Any CPU
		{65C1DB17-18E0-4AC5-8709-3F7E04B88CA1}.Debug|Any CPU.Build.0 = Debug|Any CPU
		{65C1DB17-18E0-4AC5-8709-3F7E04B88CA1}.Debug|Mixed Platforms.ActiveCfg = Debug|Any CPU
		{65C1DB17-18E0-4AC5-8709-3F7E04B88CA1}.Debug|Mixed Platforms.Build.0 = Debug|Any CPU
		{65C1DB17-18E0-4AC5-8709-3F7E04B88CA1}.Debug|x86.ActiveCfg = Debug|Any CPU
		{65C1DB17-18E0-4AC5-8709-3F7E04B88CA1}.Release|Any CPU.ActiveCfg = Release|Any CPU
		{65C1DB17-18E0-4AC5-8709-3F7E04B88CA1}.Release|Any CPU.Build.0 = Release|Any CPU
		{65C1DB17-18E0-4AC5-8709-3F7E04B88CA1}.Release|Mixed Platforms.ActiveCfg = Release|Any CPU
		{65C1DB17-18E0-4AC5-8709-3F7E04B88CA1}.Release|Mixed Platforms.Build.0 = Release|Any CPU
		{65C1DB17-18E0-4AC5-8709-3F7E04B88CA1}.Release|x86.ActiveCfg = Release|Any CPU
		{671B57AE-BFCA-4250-AC3B-6E72AE738290}.Debug|Any CPU.ActiveCfg = Debug|x86
		{671B57AE-BFCA-4250-AC3B-6E72AE738290}.Debug|Mixed Platforms.ActiveCfg = Debug|x86
		{671B57AE-BFCA-4250-AC3B-6E72AE738290}.Debug|Mixed Platforms.Build.0 = Debug|x86
		{671B57AE-BFCA-4250-AC3B-6E72AE738290}.Debug|x86.ActiveCfg = Debug|x86
		{671B57AE-BFCA-4250-AC3B-6E72AE738290}.Debug|x86.Build.0 = Debug|x86
		{671B57AE-BFCA-4250-AC3B-6E72AE738290}.Release|Any CPU.ActiveCfg = Release|x86
		{671B57AE-BFCA-4250-AC3B-6E72AE738290}.Release|Mixed Platforms.ActiveCfg = Release|x86
		{671B57AE-BFCA-4250-AC3B-6E72AE738290}.Release|Mixed Platforms.Build.0 = Release|x86
		{671B57AE-BFCA-4250-AC3B-6E72AE738290}.Release|x86.ActiveCfg = Release|x86
		{671B57AE-BFCA-4250-AC3B-6E72AE738290}.Release|x86.Build.0 = Release|x86
		{7769C77A-8479-4149-8364-65B49D5836FB}.Debug|Any CPU.ActiveCfg = Debug|x86
		{7769C77A-8479-4149-8364-65B49D5836FB}.Debug|Any CPU.Build.0 = Debug|x86
		{7769C77A-8479-4149-8364-65B49D5836FB}.Debug|Mixed Platforms.ActiveCfg = Debug|x86
		{7769C77A-8479-4149-8364-65B49D5836FB}.Debug|Mixed Platforms.Build.0 = Debug|x86
		{7769C77A-8479-4149-8364-65B49D5836FB}.Debug|x86.ActiveCfg = Debug|x86
		{7769C77A-8479-4149-8364-65B49D5836FB}.Debug|x86.Build.0 = Debug|x86
		{7769C77A-8479-4149-8364-65B49D5836FB}.Release|Any CPU.ActiveCfg = Release|x86
		{7769C77A-8479-4149-8364-65B49D5836FB}.Release|Mixed Platforms.ActiveCfg = Release|x86
		{7769C77A-8479-4149-8364-65B49D5836FB}.Release|Mixed Platforms.Build.0 = Release|x86
		{7769C77A-8479-4149-8364-65B49D5836FB}.Release|x86.ActiveCfg = Release|x86
		{7769C77A-8479-4149-8364-65B49D5836FB}.Release|x86.Build.0 = Release|x86
		{87B91B4A-ABCC-47CF-AC1F-E35A690C9F85}.Debug|Any CPU.ActiveCfg = Debug|x86
		{87B91B4A-ABCC-47CF-AC1F-E35A690C9F85}.Debug|Mixed Platforms.ActiveCfg = Debug|x86
		{87B91B4A-ABCC-47CF-AC1F-E35A690C9F85}.Debug|Mixed Platforms.Build.0 = Debug|x86
		{87B91B4A-ABCC-47CF-AC1F-E35A690C9F85}.Debug|x86.ActiveCfg = Debug|x86
		{87B91B4A-ABCC-47CF-AC1F-E35A690C9F85}.Debug|x86.Build.0 = Debug|x86
		{87B91B4A-ABCC-47CF-AC1F-E35A690C9F85}.Release|Any CPU.ActiveCfg = Release|x86
		{87B91B4A-ABCC-47CF-AC1F-E35A690C9F85}.Release|Mixed Platforms.ActiveCfg = Release|x86
		{87B91B4A-ABCC-47CF-AC1F-E35A690C9F85}.Release|Mixed Platforms.Build.0 = Release|x86
		{87B91B4A-ABCC-47CF-AC1F-E35A690C9F85}.Release|x86.ActiveCfg = Release|x86
		{87B91B4A-ABCC-47CF-AC1F-E35A690C9F85}.Release|x86.Build.0 = Release|x86
		{8C6893B8-8273-487C-8A44-2C25917F40BA}.Debug|Any CPU.ActiveCfg = Debug|Any CPU
		{8C6893B8-8273-487C-8A44-2C25917F40BA}.Debug|Any CPU.Build.0 = Debug|Any CPU
		{8C6893B8-8273-487C-8A44-2C25917F40BA}.Debug|Mixed Platforms.ActiveCfg = Debug|Any CPU
		{8C6893B8-8273-487C-8A44-2C25917F40BA}.Debug|Mixed Platforms.Build.0 = Debug|Any CPU
		{8C6893B8-8273-487C-8A44-2C25917F40BA}.Debug|x86.ActiveCfg = Debug|Any CPU
		{8C6893B8-8273-487C-8A44-2C25917F40BA}.Release|Any CPU.ActiveCfg = Release|Any CPU
		{8C6893B8-8273-487C-8A44-2C25917F40BA}.Release|Any CPU.Build.0 = Release|Any CPU
		{8C6893B8-8273-487C-8A44-2C25917F40BA}.Release|Mixed Platforms.ActiveCfg = Release|Any CPU
		{8C6893B8-8273-487C-8A44-2C25917F40BA}.Release|Mixed Platforms.Build.0 = Release|Any CPU
		{8C6893B8-8273-487C-8A44-2C25917F40BA}.Release|x86.ActiveCfg = Release|Any CPU
		{A84339B3-9F3F-4519-BD8E-832B7723AC1E}.Debug|Any CPU.ActiveCfg = Debug|x86
		{A84339B3-9F3F-4519-BD8E-832B7723AC1E}.Debug|Any CPU.Build.0 = Debug|x86
		{A84339B3-9F3F-4519-BD8E-832B7723AC1E}.Debug|Mixed Platforms.ActiveCfg = Debug|x86
		{A84339B3-9F3F-4519-BD8E-832B7723AC1E}.Debug|Mixed Platforms.Build.0 = Debug|x86
		{A84339B3-9F3F-4519-BD8E-832B7723AC1E}.Debug|x86.ActiveCfg = Debug|x86
		{A84339B3-9F3F-4519-BD8E-832B7723AC1E}.Debug|x86.Build.0 = Debug|x86
		{A84339B3-9F3F-4519-BD8E-832B7723AC1E}.Release|Any CPU.ActiveCfg = Release|x86
		{A84339B3-9F3F-4519-BD8E-832B7723AC1E}.Release|Mixed Platforms.ActiveCfg = Release|x86
		{A84339B3-9F3F-4519-BD8E-832B7723AC1E}.Release|Mixed Platforms.Build.0 = Release|x86
		{A84339B3-9F3F-4519-BD8E-832B7723AC1E}.Release|x86.ActiveCfg = Release|x86
		{A84339B3-9F3F-4519-BD8E-832B7723AC1E}.Release|x86.Build.0 = Release|x86
		{C486B9CE-F205-4E7F-892E-6CC130A1EC99}.Debug|Any CPU.ActiveCfg = Debug|x86
		{C486B9CE-F205-4E7F-892E-6CC130A1EC99}.Debug|Mixed Platforms.ActiveCfg = Debug|x86
		{C486B9CE-F205-4E7F-892E-6CC130A1EC99}.Debug|Mixed Platforms.Build.0 = Debug|x86
		{C486B9CE-F205-4E7F-892E-6CC130A1EC99}.Debug|x86.ActiveCfg = Debug|x86
		{C486B9CE-F205-4E7F-892E-6CC130A1EC99}.Debug|x86.Build.0 = Debug|x86
		{C486B9CE-F205-4E7F-892E-6CC130A1EC99}.Release|Any CPU.ActiveCfg = Release|x86
		{C486B9CE-F205-4E7F-892E-6CC130A1EC99}.Release|Mixed Platforms.ActiveCfg = Release|x86
		{C486B9CE-F205-4E7F-892E-6CC130A1EC99}.Release|Mixed Platforms.Build.0 = Release|x86
		{C486B9CE-F205-4E7F-892E-6CC130A1EC99}.Release|x86.ActiveCfg = Release|x86
		{C486B9CE-F205-4E7F-892E-6CC130A1EC99}.Release|x86.Build.0 = Release|x86
		{EC6141E9-FB3C-4B29-95F5-DEA232AE07CD}.Debug|Any CPU.ActiveCfg = Debug|x86
		{EC6141E9-FB3C-4B29-95F5-DEA232AE07CD}.Debug|Mixed Platforms.ActiveCfg = Debug|x86
		{EC6141E9-FB3C-4B29-95F5-DEA232AE07CD}.Debug|Mixed Platforms.Build.0 = Debug|x86
		{EC6141E9-FB3C-4B29-95F5-DEA232AE07CD}.Debug|x86.ActiveCfg = Debug|x86
		{EC6141E9-FB3C-4B29-95F5-DEA232AE07CD}.Debug|x86.Build.0 = Debug|x86
		{EC6141E9-FB3C-4B29-95F5-DEA232AE07CD}.Release|Any CPU.ActiveCfg = Release|x86
		{EC6141E9-FB3C-4B29-95F5-DEA232AE07CD}.Release|Mixed Platforms.ActiveCfg = Release|x86
		{EC6141E9-FB3C-4B29-95F5-DEA232AE07CD}.Release|Mixed Platforms.Build.0 = Release|x86
		{EC6141E9-FB3C-4B29-95F5-DEA232AE07CD}.Release|x86.ActiveCfg = Release|x86
		{EC6141E9-FB3C-4B29-95F5-DEA232AE07CD}.Release|x86.Build.0 = Release|x86
	EndGlobalSection
	GlobalSection(SolutionProperties) = preSolution
		HideSolutionNode = FALSE
	EndGlobalSection
EndGlobal
