Microsoft Visual Studio Solution File, Format Version 11.00
# Visual Studio 2010
Project("{FAE04EC0-301F-11D3-BF4B-00C04F79EFBC}") = "Procon.Core", "Procon.Core\Procon.Core.csproj", "{153B5418-C6B3-43A5-A432-BAFFA8EFAA16}"
EndProject
Project("{FAE04EC0-301F-11D3-BF4B-00C04F79EFBC}") = "Procon.Net", "Procon.Net\Procon.Net.csproj", "{65C1DB17-18E0-4AC5-8709-3F7E04B88CA1}"
EndProject
Project("{FAE04EC0-301F-11D3-BF4B-00C04F79EFBC}") = "Procon.Nlp", "Procon.NLP\Procon.Nlp.csproj", "{4B55557F-C2AA-4047-9ED9-3E4BBF9CF670}"
EndProject
Project("{FAE04EC0-301F-11D3-BF4B-00C04F79EFBC}") = "Procon.Net.Protocols.Frostbite", "Procon.Net.Protocols.Frostbite\Procon.Net.Protocols.Frostbite.csproj", "{299A4619-928D-4D7F-8857-644B5F57F6FC}"
EndProject
Project("{FAE04EC0-301F-11D3-BF4B-00C04F79EFBC}") = "Procon.Tools.RepositoryManager", "Procon.Tools.RepositoryManager\Procon.Tools.RepositoryManager.csproj", "{3615B974-3112-481D-9DA2-D025199FA2D4}"
EndProject
Project("{FAE04EC0-301F-11D3-BF4B-00C04F79EFBC}") = "Procon.Tools.NetworkConsole", "Procon.Tools.NetworkConsole\Procon.Tools.NetworkConsole.csproj", "{7769C77A-8479-4149-8364-65B49D5836FB}"
EndProject
Project("{FAE04EC0-301F-11D3-BF4B-00C04F79EFBC}") = "Procon.Core.Test", "Procon.Core.Test\Procon.Core.Test.csproj", "{7B0F5088-336F-48E6-8D6A-A978EA28E426}"
EndProject
Project("{2150E333-8FDC-42A3-9474-1A3956D46DE8}") = "Solution Items", "Solution Items", "{29FDEAFB-A9D6-4A22-AB6F-E989319331FF}"
	ProjectSection(SolutionItems) = preProject
		Local.testsettings = Local.testsettings
		Performance1.psess = Performance1.psess
		Procon.vsmdi = Procon.vsmdi
	EndProjectSection
EndProject
Project("{FAE04EC0-301F-11D3-BF4B-00C04F79EFBC}") = "TestPlugin", "TestPlugin\TestPlugin.csproj", "{8C6893B8-8273-487C-8A44-2C25917F40BA}"
EndProject
Project("{FAE04EC0-301F-11D3-BF4B-00C04F79EFBC}") = "Procon", "Procon\Procon.csproj", "{A84339B3-9F3F-4519-BD8E-832B7723AC1E}"
EndProject
Project("{FAE04EC0-301F-11D3-BF4B-00C04F79EFBC}") = "Procon.Net.Test", "Procon.Net.Test\Procon.Net.Test.csproj", "{91E7C416-3356-424F-8CD2-6D8CB3B01E7C}"
EndProject
Project("{FAE04EC0-301F-11D3-BF4B-00C04F79EFBC}") = "Procon.Service", "Procon.Service\Procon.Service.csproj", "{C9DA2AB8-ED31-4E20-9420-5597FCBAE284}"
EndProject
Project("{FAE04EC0-301F-11D3-BF4B-00C04F79EFBC}") = "Procon.Service.Shared", "Procon.Service.Shared\Procon.Service.Shared.csproj", "{3F9E6801-A015-4F7E-9B67-7015F1F58B18}"
EndProject
Global
	GlobalSection(TestCaseManagementSettings) = postSolution
		CategoryFile = Procon.vsmdi
	EndGlobalSection
	GlobalSection(SolutionConfigurationPlatforms) = preSolution
		Debug|Any CPU = Debug|Any CPU
		Debug|Mixed Platforms = Debug|Mixed Platforms
		Debug|x86 = Debug|x86
		Release|Any CPU = Release|Any CPU
		Release|Mixed Platforms = Release|Mixed Platforms
		Release|x86 = Release|x86
	EndGlobalSection
	GlobalSection(ProjectConfigurationPlatforms) = postSolution
		{153B5418-C6B3-43A5-A432-BAFFA8EFAA16}.Debug|Any CPU.ActiveCfg = Debug|Any CPU
		{153B5418-C6B3-43A5-A432-BAFFA8EFAA16}.Debug|Any CPU.Build.0 = Debug|Any CPU
		{153B5418-C6B3-43A5-A432-BAFFA8EFAA16}.Debug|Mixed Platforms.ActiveCfg = Debug|Any CPU
		{153B5418-C6B3-43A5-A432-BAFFA8EFAA16}.Debug|Mixed Platforms.Build.0 = Debug|Any CPU
		{153B5418-C6B3-43A5-A432-BAFFA8EFAA16}.Debug|x86.ActiveCfg = Debug|Any CPU
		{153B5418-C6B3-43A5-A432-BAFFA8EFAA16}.Release|Any CPU.ActiveCfg = Release|Any CPU
		{153B5418-C6B3-43A5-A432-BAFFA8EFAA16}.Release|Any CPU.Build.0 = Release|Any CPU
		{153B5418-C6B3-43A5-A432-BAFFA8EFAA16}.Release|Mixed Platforms.ActiveCfg = Release|Any CPU
		{153B5418-C6B3-43A5-A432-BAFFA8EFAA16}.Release|Mixed Platforms.Build.0 = Release|Any CPU
		{153B5418-C6B3-43A5-A432-BAFFA8EFAA16}.Release|x86.ActiveCfg = Release|Any CPU
		{65C1DB17-18E0-4AC5-8709-3F7E04B88CA1}.Debug|Any CPU.ActiveCfg = Debug|Any CPU
		{65C1DB17-18E0-4AC5-8709-3F7E04B88CA1}.Debug|Any CPU.Build.0 = Debug|Any CPU
		{65C1DB17-18E0-4AC5-8709-3F7E04B88CA1}.Debug|Mixed Platforms.ActiveCfg = Debug|Any CPU
		{65C1DB17-18E0-4AC5-8709-3F7E04B88CA1}.Debug|Mixed Platforms.Build.0 = Debug|Any CPU
		{65C1DB17-18E0-4AC5-8709-3F7E04B88CA1}.Debug|x86.ActiveCfg = Debug|Any CPU
		{65C1DB17-18E0-4AC5-8709-3F7E04B88CA1}.Release|Any CPU.ActiveCfg = Release|Any CPU
		{65C1DB17-18E0-4AC5-8709-3F7E04B88CA1}.Release|Any CPU.Build.0 = Release|Any CPU
		{65C1DB17-18E0-4AC5-8709-3F7E04B88CA1}.Release|Mixed Platforms.ActiveCfg = Release|Any CPU
		{65C1DB17-18E0-4AC5-8709-3F7E04B88CA1}.Release|Mixed Platforms.Build.0 = Release|Any CPU
		{65C1DB17-18E0-4AC5-8709-3F7E04B88CA1}.Release|x86.ActiveCfg = Release|Any CPU
		{4B55557F-C2AA-4047-9ED9-3E4BBF9CF670}.Debug|Any CPU.ActiveCfg = Debug|Any CPU
		{4B55557F-C2AA-4047-9ED9-3E4BBF9CF670}.Debug|Any CPU.Build.0 = Debug|Any CPU
		{4B55557F-C2AA-4047-9ED9-3E4BBF9CF670}.Debug|Mixed Platforms.ActiveCfg = Debug|Any CPU
		{4B55557F-C2AA-4047-9ED9-3E4BBF9CF670}.Debug|Mixed Platforms.Build.0 = Debug|Any CPU
		{4B55557F-C2AA-4047-9ED9-3E4BBF9CF670}.Debug|x86.ActiveCfg = Debug|Any CPU
		{4B55557F-C2AA-4047-9ED9-3E4BBF9CF670}.Release|Any CPU.ActiveCfg = Release|Any CPU
		{4B55557F-C2AA-4047-9ED9-3E4BBF9CF670}.Release|Any CPU.Build.0 = Release|Any CPU
		{4B55557F-C2AA-4047-9ED9-3E4BBF9CF670}.Release|Mixed Platforms.ActiveCfg = Release|Any CPU
		{4B55557F-C2AA-4047-9ED9-3E4BBF9CF670}.Release|Mixed Platforms.Build.0 = Release|Any CPU
		{4B55557F-C2AA-4047-9ED9-3E4BBF9CF670}.Release|x86.ActiveCfg = Release|Any CPU
		{299A4619-928D-4D7F-8857-644B5F57F6FC}.Debug|Any CPU.ActiveCfg = Debug|Any CPU
		{299A4619-928D-4D7F-8857-644B5F57F6FC}.Debug|Any CPU.Build.0 = Debug|Any CPU
		{299A4619-928D-4D7F-8857-644B5F57F6FC}.Debug|Mixed Platforms.ActiveCfg = Debug|Any CPU
		{299A4619-928D-4D7F-8857-644B5F57F6FC}.Debug|Mixed Platforms.Build.0 = Debug|Any CPU
		{299A4619-928D-4D7F-8857-644B5F57F6FC}.Debug|x86.ActiveCfg = Debug|Any CPU
		{299A4619-928D-4D7F-8857-644B5F57F6FC}.Release|Any CPU.ActiveCfg = Release|Any CPU
		{299A4619-928D-4D7F-8857-644B5F57F6FC}.Release|Any CPU.Build.0 = Release|Any CPU
		{299A4619-928D-4D7F-8857-644B5F57F6FC}.Release|Mixed Platforms.ActiveCfg = Release|Any CPU
		{299A4619-928D-4D7F-8857-644B5F57F6FC}.Release|Mixed Platforms.Build.0 = Release|Any CPU
		{299A4619-928D-4D7F-8857-644B5F57F6FC}.Release|x86.ActiveCfg = Release|Any CPU
		{3615B974-3112-481D-9DA2-D025199FA2D4}.Debug|Any CPU.ActiveCfg = Debug|x86
		{3615B974-3112-481D-9DA2-D025199FA2D4}.Debug|Any CPU.Build.0 = Debug|x86
		{3615B974-3112-481D-9DA2-D025199FA2D4}.Debug|Mixed Platforms.ActiveCfg = Debug|x86
		{3615B974-3112-481D-9DA2-D025199FA2D4}.Debug|Mixed Platforms.Build.0 = Debug|x86
		{3615B974-3112-481D-9DA2-D025199FA2D4}.Debug|x86.ActiveCfg = Debug|x86
		{3615B974-3112-481D-9DA2-D025199FA2D4}.Debug|x86.Build.0 = Debug|x86
		{3615B974-3112-481D-9DA2-D025199FA2D4}.Release|Any CPU.ActiveCfg = Release|x86
		{3615B974-3112-481D-9DA2-D025199FA2D4}.Release|Any CPU.Build.0 = Release|x86
		{3615B974-3112-481D-9DA2-D025199FA2D4}.Release|Mixed Platforms.ActiveCfg = Release|x86
		{3615B974-3112-481D-9DA2-D025199FA2D4}.Release|Mixed Platforms.Build.0 = Release|x86
		{3615B974-3112-481D-9DA2-D025199FA2D4}.Release|x86.ActiveCfg = Release|x86
		{3615B974-3112-481D-9DA2-D025199FA2D4}.Release|x86.Build.0 = Release|x86
		{7769C77A-8479-4149-8364-65B49D5836FB}.Debug|Any CPU.ActiveCfg = Debug|x86
		{7769C77A-8479-4149-8364-65B49D5836FB}.Debug|Any CPU.Build.0 = Debug|x86
		{7769C77A-8479-4149-8364-65B49D5836FB}.Debug|Mixed Platforms.ActiveCfg = Debug|x86
		{7769C77A-8479-4149-8364-65B49D5836FB}.Debug|Mixed Platforms.Build.0 = Debug|x86
		{7769C77A-8479-4149-8364-65B49D5836FB}.Debug|x86.ActiveCfg = Debug|x86
		{7769C77A-8479-4149-8364-65B49D5836FB}.Debug|x86.Build.0 = Debug|x86
		{7769C77A-8479-4149-8364-65B49D5836FB}.Release|Any CPU.ActiveCfg = Release|x86
		{7769C77A-8479-4149-8364-65B49D5836FB}.Release|Any CPU.Build.0 = Release|x86
		{7769C77A-8479-4149-8364-65B49D5836FB}.Release|Mixed Platforms.ActiveCfg = Release|x86
		{7769C77A-8479-4149-8364-65B49D5836FB}.Release|Mixed Platforms.Build.0 = Release|x86
		{7769C77A-8479-4149-8364-65B49D5836FB}.Release|x86.ActiveCfg = Release|x86
		{7769C77A-8479-4149-8364-65B49D5836FB}.Release|x86.Build.0 = Release|x86
		{7B0F5088-336F-48E6-8D6A-A978EA28E426}.Debug|Any CPU.ActiveCfg = Debug|Any CPU
		{7B0F5088-336F-48E6-8D6A-A978EA28E426}.Debug|Any CPU.Build.0 = Debug|Any CPU
		{7B0F5088-336F-48E6-8D6A-A978EA28E426}.Debug|Mixed Platforms.ActiveCfg = Debug|Any CPU
		{7B0F5088-336F-48E6-8D6A-A978EA28E426}.Debug|Mixed Platforms.Build.0 = Debug|Any CPU
		{7B0F5088-336F-48E6-8D6A-A978EA28E426}.Debug|x86.ActiveCfg = Debug|Any CPU
		{7B0F5088-336F-48E6-8D6A-A978EA28E426}.Release|Any CPU.ActiveCfg = Release|Any CPU
		{7B0F5088-336F-48E6-8D6A-A978EA28E426}.Release|Mixed Platforms.ActiveCfg = Release|Any CPU
		{7B0F5088-336F-48E6-8D6A-A978EA28E426}.Release|Mixed Platforms.Build.0 = Release|Any CPU
		{7B0F5088-336F-48E6-8D6A-A978EA28E426}.Release|x86.ActiveCfg = Release|Any CPU
		{8C6893B8-8273-487C-8A44-2C25917F40BA}.Debug|Any CPU.ActiveCfg = Debug|Any CPU
		{8C6893B8-8273-487C-8A44-2C25917F40BA}.Debug|Any CPU.Build.0 = Debug|Any CPU
		{8C6893B8-8273-487C-8A44-2C25917F40BA}.Debug|Mixed Platforms.ActiveCfg = Debug|Any CPU
		{8C6893B8-8273-487C-8A44-2C25917F40BA}.Debug|Mixed Platforms.Build.0 = Debug|Any CPU
		{8C6893B8-8273-487C-8A44-2C25917F40BA}.Debug|x86.ActiveCfg = Debug|Any CPU
		{8C6893B8-8273-487C-8A44-2C25917F40BA}.Release|Any CPU.ActiveCfg = Release|Any CPU
		{8C6893B8-8273-487C-8A44-2C25917F40BA}.Release|Any CPU.Build.0 = Release|Any CPU
		{8C6893B8-8273-487C-8A44-2C25917F40BA}.Release|Mixed Platforms.ActiveCfg = Release|Any CPU
		{8C6893B8-8273-487C-8A44-2C25917F40BA}.Release|Mixed Platforms.Build.0 = Release|Any CPU
		{8C6893B8-8273-487C-8A44-2C25917F40BA}.Release|x86.ActiveCfg = Release|Any CPU
		{A84339B3-9F3F-4519-BD8E-832B7723AC1E}.Debug|Any CPU.ActiveCfg = Debug|x86
		{A84339B3-9F3F-4519-BD8E-832B7723AC1E}.Debug|Any CPU.Build.0 = Debug|x86
		{A84339B3-9F3F-4519-BD8E-832B7723AC1E}.Debug|Mixed Platforms.ActiveCfg = Debug|x86
		{A84339B3-9F3F-4519-BD8E-832B7723AC1E}.Debug|Mixed Platforms.Build.0 = Debug|x86
		{A84339B3-9F3F-4519-BD8E-832B7723AC1E}.Debug|x86.ActiveCfg = Debug|x86
		{A84339B3-9F3F-4519-BD8E-832B7723AC1E}.Debug|x86.Build.0 = Debug|x86
		{A84339B3-9F3F-4519-BD8E-832B7723AC1E}.Release|Any CPU.ActiveCfg = Release|x86
		{A84339B3-9F3F-4519-BD8E-832B7723AC1E}.Release|Any CPU.Build.0 = Release|x86
		{A84339B3-9F3F-4519-BD8E-832B7723AC1E}.Release|Mixed Platforms.ActiveCfg = Release|x86
		{A84339B3-9F3F-4519-BD8E-832B7723AC1E}.Release|Mixed Platforms.Build.0 = Release|x86
		{A84339B3-9F3F-4519-BD8E-832B7723AC1E}.Release|x86.ActiveCfg = Release|x86
		{A84339B3-9F3F-4519-BD8E-832B7723AC1E}.Release|x86.Build.0 = Release|x86
		{91E7C416-3356-424F-8CD2-6D8CB3B01E7C}.Debug|Any CPU.ActiveCfg = Debug|Any CPU
		{91E7C416-3356-424F-8CD2-6D8CB3B01E7C}.Debug|Any CPU.Build.0 = Debug|Any CPU
		{91E7C416-3356-424F-8CD2-6D8CB3B01E7C}.Debug|Mixed Platforms.ActiveCfg = Debug|Any CPU
		{91E7C416-3356-424F-8CD2-6D8CB3B01E7C}.Debug|Mixed Platforms.Build.0 = Debug|Any CPU
		{91E7C416-3356-424F-8CD2-6D8CB3B01E7C}.Debug|x86.ActiveCfg = Debug|Any CPU
		{91E7C416-3356-424F-8CD2-6D8CB3B01E7C}.Release|Any CPU.ActiveCfg = Release|Any CPU
		{91E7C416-3356-424F-8CD2-6D8CB3B01E7C}.Release|Mixed Platforms.ActiveCfg = Release|Any CPU
		{91E7C416-3356-424F-8CD2-6D8CB3B01E7C}.Release|Mixed Platforms.Build.0 = Release|Any CPU
		{91E7C416-3356-424F-8CD2-6D8CB3B01E7C}.Release|x86.ActiveCfg = Release|Any CPU
		{C9DA2AB8-ED31-4E20-9420-5597FCBAE284}.Debug|Any CPU.ActiveCfg = Debug|Any CPU
		{C9DA2AB8-ED31-4E20-9420-5597FCBAE284}.Debug|Any CPU.Build.0 = Debug|Any CPU
		{C9DA2AB8-ED31-4E20-9420-5597FCBAE284}.Debug|Mixed Platforms.ActiveCfg = Debug|Any CPU
		{C9DA2AB8-ED31-4E20-9420-5597FCBAE284}.Debug|Mixed Platforms.Build.0 = Debug|Any CPU
		{C9DA2AB8-ED31-4E20-9420-5597FCBAE284}.Debug|x86.ActiveCfg = Debug|Any CPU
		{C9DA2AB8-ED31-4E20-9420-5597FCBAE284}.Release|Any CPU.ActiveCfg = Release|Any CPU
		{C9DA2AB8-ED31-4E20-9420-5597FCBAE284}.Release|Any CPU.Build.0 = Release|Any CPU
		{C9DA2AB8-ED31-4E20-9420-5597FCBAE284}.Release|Mixed Platforms.ActiveCfg = Release|Any CPU
		{C9DA2AB8-ED31-4E20-9420-5597FCBAE284}.Release|Mixed Platforms.Build.0 = Release|Any CPU
		{C9DA2AB8-ED31-4E20-9420-5597FCBAE284}.Release|x86.ActiveCfg = Release|Any CPU
		{3F9E6801-A015-4F7E-9B67-7015F1F58B18}.Debug|Any CPU.ActiveCfg = Debug|Any CPU
		{3F9E6801-A015-4F7E-9B67-7015F1F58B18}.Debug|Any CPU.Build.0 = Debug|Any CPU
		{3F9E6801-A015-4F7E-9B67-7015F1F58B18}.Debug|Mixed Platforms.ActiveCfg = Debug|Any CPU
		{3F9E6801-A015-4F7E-9B67-7015F1F58B18}.Debug|Mixed Platforms.Build.0 = Debug|Any CPU
		{3F9E6801-A015-4F7E-9B67-7015F1F58B18}.Debug|x86.ActiveCfg = Debug|Any CPU
		{3F9E6801-A015-4F7E-9B67-7015F1F58B18}.Release|Any CPU.ActiveCfg = Release|Any CPU
		{3F9E6801-A015-4F7E-9B67-7015F1F58B18}.Release|Any CPU.Build.0 = Release|Any CPU
		{3F9E6801-A015-4F7E-9B67-7015F1F58B18}.Release|Mixed Platforms.ActiveCfg = Release|Any CPU
		{3F9E6801-A015-4F7E-9B67-7015F1F58B18}.Release|Mixed Platforms.Build.0 = Release|Any CPU
		{3F9E6801-A015-4F7E-9B67-7015F1F58B18}.Release|x86.ActiveCfg = Release|Any CPU
	EndGlobalSection
	GlobalSection(SolutionProperties) = preSolution
		HideSolutionNode = FALSE
	EndGlobalSection
EndGlobal
