Microsoft Visual Studio Solution File, Format Version 12.00
# Visual Studio 2010
Project("{FAE04EC0-301F-11D3-BF4B-00C04F79EFBC}") = "Procon.Core", "Procon.Core\Procon.Core.csproj", "{153B5418-C6B3-43A5-A432-BAFFA8EFAA16}"
EndProject
Project("{FAE04EC0-301F-11D3-BF4B-00C04F79EFBC}") = "Procon.Net", "Procon.Net\Procon.Net.csproj", "{65C1DB17-18E0-4AC5-8709-3F7E04B88CA1}"
EndProject
Project("{FAE04EC0-301F-11D3-BF4B-00C04F79EFBC}") = "Procon.Fuzzy", "Procon.Fuzzy\Procon.Fuzzy.csproj", "{4B55557F-C2AA-4047-9ED9-3E4BBF9CF670}"
EndProject
Project("{FAE04EC0-301F-11D3-BF4B-00C04F79EFBC}") = "Procon.Net.Protocols.Myrcon.Frostbite", "Procon.Net.Protocols.Myrcon.Frostbite\Procon.Net.Protocols.Myrcon.Frostbite.csproj", "{299A4619-928D-4D7F-8857-644B5F57F6FC}"
EndProject
Project("{FAE04EC0-301F-11D3-BF4B-00C04F79EFBC}") = "Procon.Tools.NetworkConsole", "Procon.Tools.NetworkConsole\Procon.Tools.NetworkConsole.csproj", "{7769C77A-8479-4149-8364-65B49D5836FB}"
EndProject
Project("{FAE04EC0-301F-11D3-BF4B-00C04F79EFBC}") = "Procon.Core.Test", "Procon.Core.Test\Procon.Core.Test.csproj", "{7B0F5088-336F-48E6-8D6A-A978EA28E426}"
EndProject
Project("{2150E333-8FDC-42A3-9474-1A3956D46DE8}") = "Solution Items", "Solution Items", "{29FDEAFB-A9D6-4A22-AB6F-E989319331FF}"
	ProjectSection(SolutionItems) = preProject
		CommonAssemblyInfo.cs = CommonAssemblyInfo.cs
		Local.testsettings = Local.testsettings
		Procon.vsmdi = Procon.vsmdi
	EndProjectSection
EndProject
Project("{FAE04EC0-301F-11D3-BF4B-00C04F79EFBC}") = "Myrcon.Plugins.Test", "Myrcon.Plugins.Test\Myrcon.Plugins.Test.csproj", "{8C6893B8-8273-487C-8A44-2C25917F40BA}"
EndProject
Project("{FAE04EC0-301F-11D3-BF4B-00C04F79EFBC}") = "Procon", "Procon\Procon.csproj", "{A84339B3-9F3F-4519-BD8E-832B7723AC1E}"
EndProject
Project("{FAE04EC0-301F-11D3-BF4B-00C04F79EFBC}") = "Procon.Net.Test", "Procon.Net.Test\Procon.Net.Test.csproj", "{91E7C416-3356-424F-8CD2-6D8CB3B01E7C}"
EndProject
Project("{FAE04EC0-301F-11D3-BF4B-00C04F79EFBC}") = "Procon.Service", "Procon.Service\Procon.Service.csproj", "{C9DA2AB8-ED31-4E20-9420-5597FCBAE284}"
EndProject
Project("{FAE04EC0-301F-11D3-BF4B-00C04F79EFBC}") = "Procon.Service.Shared", "Procon.Service.Shared\Procon.Service.Shared.csproj", "{3F9E6801-A015-4F7E-9B67-7015F1F58B18}"
EndProject
Project("{2150E333-8FDC-42A3-9474-1A3956D46DE8}") = "Tests", "Tests", "{DB4B7713-1795-453B-A4BC-35BC9D432A54}"
EndProject
Project("{FAE04EC0-301F-11D3-BF4B-00C04F79EFBC}") = "Procon.Database", "Procon.Database\Procon.Database.csproj", "{7703A41E-41E1-4D58-B686-07FD497D15F7}"
EndProject
Project("{FAE04EC0-301F-11D3-BF4B-00C04F79EFBC}") = "Procon.Database.Test", "Procon.Database.Test\Procon.Database.Test.csproj", "{8BBACCEF-0CF7-4D5E-B4EF-DDB1DFE6CAB5}"
EndProject
Project("{FAE04EC0-301F-11D3-BF4B-00C04F79EFBC}") = "Procon.Database.Shared.Test", "Procon.Database.Shared.Test\Procon.Database.Shared.Test.csproj", "{D7DA532C-7168-4D54-B413-EE31E107C187}"
EndProject
Project("{FAE04EC0-301F-11D3-BF4B-00C04F79EFBC}") = "Procon.Setup", "Procon.Setup\Procon.Setup.csproj", "{9E75FB2B-2806-4CB3-870D-4554960B07D5}"
EndProject
Project("{FAE04EC0-301F-11D3-BF4B-00C04F79EFBC}") = "Procon.Resources", "Procon.Resources\Procon.Resources.csproj", "{2B4BB796-63F3-4649-BBE2-E02602FC4EFB}"
EndProject
Project("{2150E333-8FDC-42A3-9474-1A3956D46DE8}") = "Examples", "Examples", "{0274CCAA-A949-4071-AEC6-387CA6FC9FC2}"
EndProject
Project("{FAE04EC0-301F-11D3-BF4B-00C04F79EFBC}") = "Procon.Examples.Commands", "Procon.Examples.Commands\Procon.Examples.Commands.csproj", "{71644198-7311-4407-AF61-57119EB61240}"
EndProject
Project("{FAE04EC0-301F-11D3-BF4B-00C04F79EFBC}") = "Procon.Examples.EmptyPlugin", "Procon.Examples.EmptyPlugin\Procon.Examples.EmptyPlugin.csproj", "{120BE52C-3523-4370-9617-C1383E9A3427}"
EndProject
Project("{2150E333-8FDC-42A3-9474-1A3956D46DE8}") = "Tests", "Tests", "{935D7761-29F0-4E94-B668-E2EFE06405FA}"
EndProject
Project("{FAE04EC0-301F-11D3-BF4B-00C04F79EFBC}") = "Procon.Examples.Commands.Test", "Procon.Examples.Commands.Test\Procon.Examples.Commands.Test.csproj", "{5AC644F4-035A-49F7-A80A-3C842E05A8FD}"
EndProject
Project("{FAE04EC0-301F-11D3-BF4B-00C04F79EFBC}") = "Procon.Examples.UserInterface", "Procon.Examples.UserInterface\Procon.Examples.UserInterface.csproj", "{BEE3496C-93E4-4ABD-A29E-3D5705804754}"
EndProject
Project("{FAE04EC0-301F-11D3-BF4B-00C04F79EFBC}") = "Procon.Examples.UserInterface.Test", "Procon.Examples.UserInterface.Test\Procon.Examples.UserInterface.Test.csproj", "{AE8F622A-FE84-48DE-86DC-E8BD9589787E}"
EndProject
Project("{FAE04EC0-301F-11D3-BF4B-00C04F79EFBC}") = "Procon.Examples.Actions", "Procon.Examples.Actions\Procon.Examples.Actions.csproj", "{7CE19CAE-FA86-4FEF-873A-20C5C2F0C7B6}"
EndProject
Project("{FAE04EC0-301F-11D3-BF4B-00C04F79EFBC}") = "Procon.Examples.Events", "Procon.Examples.Events\Procon.Examples.Events.csproj", "{AEB5AE42-32B2-4964-9918-1E86CC209869}"
EndProject
Project("{FAE04EC0-301F-11D3-BF4B-00C04F79EFBC}") = "Procon.Examples.Configs", "Procon.Examples.Configs\Procon.Examples.Configs.csproj", "{9BD2735E-A370-4730-B892-FA2EE2C228FB}"
EndProject
Project("{FAE04EC0-301F-11D3-BF4B-00C04F79EFBC}") = "Procon.Examples.Configs.Test", "Procon.Examples.Configs.Test\Procon.Examples.Configs.Test.csproj", "{8B996192-68B9-4EA3-B797-FABF871AC815}"
EndProject
Project("{FAE04EC0-301F-11D3-BF4B-00C04F79EFBC}") = "Procon.Examples.TextCommands", "Procon.Examples.TextCommands\Procon.Examples.TextCommands.csproj", "{A7889BCC-D9F2-404D-B787-AAC15E366A86}"
EndProject
Project("{FAE04EC0-301F-11D3-BF4B-00C04F79EFBC}") = "Procon.Examples.Actions.Test", "Procon.Examples.Actions.Test\Procon.Examples.Actions.Test.csproj", "{377E6BF8-25FF-45B3-B1D8-2796C3ED2345}"
EndProject
Project("{FAE04EC0-301F-11D3-BF4B-00C04F79EFBC}") = "Procon.Examples.Events.Test", "Procon.Examples.Events.Test\Procon.Examples.Events.Test.csproj", "{CAE741F7-1594-48F3-AAFE-ED3DCA06B29D}"
EndProject
Project("{FAE04EC0-301F-11D3-BF4B-00C04F79EFBC}") = "Procon.Examples.TextCommands.Test", "Procon.Examples.TextCommands.Test\Procon.Examples.TextCommands.Test.csproj", "{4DB002AF-916E-46B1-A74C-BDD883DCC4C0}"
EndProject
Project("{FAE04EC0-301F-11D3-BF4B-00C04F79EFBC}") = "Procon.Examples.Database", "Procon.Examples.Database\Procon.Examples.Database.csproj", "{30A34B9C-0760-40E4-92C5-81EB58C06311}"
EndProject
Project("{FAE04EC0-301F-11D3-BF4B-00C04F79EFBC}") = "Procon.Examples.Database.Test", "Procon.Examples.Database.Test\Procon.Examples.Database.Test.csproj", "{8B919F30-AA02-44DD-8223-285D6B8FDB2D}"
EndProject
Project("{FAE04EC0-301F-11D3-BF4B-00C04F79EFBC}") = "Procon.Core.Shared", "Procon.Core.Shared\Procon.Core.Shared.csproj", "{1B4351C6-BAAD-4075-A322-CAF4FE582392}"
EndProject
Project("{FAE04EC0-301F-11D3-BF4B-00C04F79EFBC}") = "Procon.Database.Shared", "Procon.Database.Shared\Procon.Database.Shared.csproj", "{F6F1BD6C-1743-492A-A18C-810E2C5601F2}"
EndProject
Project("{FAE04EC0-301F-11D3-BF4B-00C04F79EFBC}") = "Procon.Net.Shared", "Procon.Net.Shared\Procon.Net.Shared.csproj", "{4FDF48B5-790A-4717-A798-D18D76032DF7}"
EndProject
Project("{FAE04EC0-301F-11D3-BF4B-00C04F79EFBC}") = "Procon.Core.Shared.Test", "Procon.Core.Shared.Test\Procon.Core.Shared.Test.csproj", "{67C20A7E-D4C2-4483-B9D8-51B619361FB6}"
EndProject
Project("{FAE04EC0-301F-11D3-BF4B-00C04F79EFBC}") = "Procon.Setup.Test", "Procon.Setup.Test\Procon.Setup.Test.csproj", "{358A2F61-3680-4FBC-9C1F-D578E871237F}"
EndProject
Project("{FAE04EC0-301F-11D3-BF4B-00C04F79EFBC}") = "Procon.Setup.Models", "Procon.Setup.Models\Procon.Setup.Models.csproj", "{A20CFF83-65F7-425B-AC97-43A975855CBE}"
EndProject
Project("{FAE04EC0-301F-11D3-BF4B-00C04F79EFBC}") = "Procon.Net.Shared.Test", "Procon.Net.Shared.Test\Procon.Net.Shared.Test.csproj", "{E728C014-9DC9-4C27-8719-F16551727D58}"
EndProject
Project("{FAE04EC0-301F-11D3-BF4B-00C04F79EFBC}") = "Procon.Examples.Support", "Procon.Examples.Support\Procon.Examples.Support.csproj", "{385F4312-6482-4A3A-9EE4-5B20018746B6}"
EndProject
Project("{FAE04EC0-301F-11D3-BF4B-00C04F79EFBC}") = "Procon.Examples.Support.Test", "Procon.Examples.Support.Test\Procon.Examples.Support.Test.csproj", "{8EA223D2-22FA-47A0-8DEF-44512AA23F62}"
EndProject
Project("{2150E333-8FDC-42A3-9474-1A3956D46DE8}") = "Packages", "Packages", "{FB17AE81-600C-4867-85D5-A37EDC9789CF}"
EndProject
Project("{2150E333-8FDC-42A3-9474-1A3956D46DE8}") = "Service", "Service", "{9ECE0809-26D3-4444-9385-C09E17B4F71A}"
EndProject
Project("{2150E333-8FDC-42A3-9474-1A3956D46DE8}") = "Core", "Core", "{46B2B10E-4439-4613-A654-940B939CDC79}"
EndProject
Project("{2150E333-8FDC-42A3-9474-1A3956D46DE8}") = "Shared", "Shared", "{2481C90A-D58F-4F4B-8E0D-F709E05C63F9}"
EndProject
Project("{2150E333-8FDC-42A3-9474-1A3956D46DE8}") = "Tools", "Tools", "{51787ECF-A5F6-4EF2-B508-0CAF9AA3035B}"
EndProject
Project("{2150E333-8FDC-42A3-9474-1A3956D46DE8}") = "Build", "Build", "{514F9052-8BDC-4D45-B97D-B05C51546633}"
	ProjectSection(SolutionItems) = preProject
		Procon.Build\Myrcon.Procon.Core.nuspec = Procon.Build\Myrcon.Procon.Core.nuspec
		Procon.Build\Myrcon.Procon.Shared.nuspec = Procon.Build\Myrcon.Procon.Shared.nuspec
		Procon.Build\Myrcon.Procon.Tools.nuspec = Procon.Build\Myrcon.Procon.Tools.nuspec
	EndProjectSection
EndProject
Project("{FAE04EC0-301F-11D3-BF4B-00C04F79EFBC}") = "Procon.Service.Shared.Test", "Procon.Service.Shared.Test\Procon.Service.Shared.Test.csproj", "{6A5D59E2-4FBC-42A8-BF96-04F3E1B5B53D}"
EndProject
Project("{FAE04EC0-301F-11D3-BF4B-00C04F79EFBC}") = "Procon.Service.Shared.Interop.Test", "Procon.Service.Shared.Interop.Test\Procon.Service.Shared.Interop.Test.csproj", "{8ED75D08-8E60-4405-BA71-3B9D5DBDBDCD}"
EndProject
Global
	GlobalSection(TestCaseManagementSettings) = postSolution
		CategoryFile = Procon.vsmdi
	EndGlobalSection
	GlobalSection(SolutionConfigurationPlatforms) = preSolution
		Debug|Any CPU = Debug|Any CPU
		Debug|Mixed Platforms = Debug|Mixed Platforms
		Debug|x86 = Debug|x86
		Release|Any CPU = Release|Any CPU
		Release|Mixed Platforms = Release|Mixed Platforms
		Release|x86 = Release|x86
	EndGlobalSection
	GlobalSection(ProjectConfigurationPlatforms) = postSolution
		{153B5418-C6B3-43A5-A432-BAFFA8EFAA16}.Debug|Any CPU.ActiveCfg = Debug|Any CPU
		{153B5418-C6B3-43A5-A432-BAFFA8EFAA16}.Debug|Any CPU.Build.0 = Debug|Any CPU
		{153B5418-C6B3-43A5-A432-BAFFA8EFAA16}.Debug|Mixed Platforms.ActiveCfg = Debug|Any CPU
		{153B5418-C6B3-43A5-A432-BAFFA8EFAA16}.Debug|Mixed Platforms.Build.0 = Debug|Any CPU
		{153B5418-C6B3-43A5-A432-BAFFA8EFAA16}.Debug|x86.ActiveCfg = Debug|Any CPU
		{153B5418-C6B3-43A5-A432-BAFFA8EFAA16}.Release|Any CPU.ActiveCfg = Release|Any CPU
		{153B5418-C6B3-43A5-A432-BAFFA8EFAA16}.Release|Any CPU.Build.0 = Release|Any CPU
		{153B5418-C6B3-43A5-A432-BAFFA8EFAA16}.Release|Mixed Platforms.ActiveCfg = Release|Any CPU
		{153B5418-C6B3-43A5-A432-BAFFA8EFAA16}.Release|Mixed Platforms.Build.0 = Release|Any CPU
		{153B5418-C6B3-43A5-A432-BAFFA8EFAA16}.Release|x86.ActiveCfg = Release|Any CPU
		{65C1DB17-18E0-4AC5-8709-3F7E04B88CA1}.Debug|Any CPU.ActiveCfg = Debug|Any CPU
		{65C1DB17-18E0-4AC5-8709-3F7E04B88CA1}.Debug|Any CPU.Build.0 = Debug|Any CPU
		{65C1DB17-18E0-4AC5-8709-3F7E04B88CA1}.Debug|Mixed Platforms.ActiveCfg = Debug|Any CPU
		{65C1DB17-18E0-4AC5-8709-3F7E04B88CA1}.Debug|Mixed Platforms.Build.0 = Debug|Any CPU
		{65C1DB17-18E0-4AC5-8709-3F7E04B88CA1}.Debug|x86.ActiveCfg = Debug|Any CPU
		{65C1DB17-18E0-4AC5-8709-3F7E04B88CA1}.Release|Any CPU.ActiveCfg = Release|Any CPU
		{65C1DB17-18E0-4AC5-8709-3F7E04B88CA1}.Release|Any CPU.Build.0 = Release|Any CPU
		{65C1DB17-18E0-4AC5-8709-3F7E04B88CA1}.Release|Mixed Platforms.ActiveCfg = Release|Any CPU
		{65C1DB17-18E0-4AC5-8709-3F7E04B88CA1}.Release|Mixed Platforms.Build.0 = Release|Any CPU
		{65C1DB17-18E0-4AC5-8709-3F7E04B88CA1}.Release|x86.ActiveCfg = Release|Any CPU
		{4B55557F-C2AA-4047-9ED9-3E4BBF9CF670}.Debug|Any CPU.ActiveCfg = Debug|Any CPU
		{4B55557F-C2AA-4047-9ED9-3E4BBF9CF670}.Debug|Any CPU.Build.0 = Debug|Any CPU
		{4B55557F-C2AA-4047-9ED9-3E4BBF9CF670}.Debug|Mixed Platforms.ActiveCfg = Debug|Any CPU
		{4B55557F-C2AA-4047-9ED9-3E4BBF9CF670}.Debug|Mixed Platforms.Build.0 = Debug|Any CPU
		{4B55557F-C2AA-4047-9ED9-3E4BBF9CF670}.Debug|x86.ActiveCfg = Debug|Any CPU
		{4B55557F-C2AA-4047-9ED9-3E4BBF9CF670}.Release|Any CPU.ActiveCfg = Release|Any CPU
		{4B55557F-C2AA-4047-9ED9-3E4BBF9CF670}.Release|Any CPU.Build.0 = Release|Any CPU
		{4B55557F-C2AA-4047-9ED9-3E4BBF9CF670}.Release|Mixed Platforms.ActiveCfg = Release|Any CPU
		{4B55557F-C2AA-4047-9ED9-3E4BBF9CF670}.Release|Mixed Platforms.Build.0 = Release|Any CPU
		{4B55557F-C2AA-4047-9ED9-3E4BBF9CF670}.Release|x86.ActiveCfg = Release|Any CPU
		{299A4619-928D-4D7F-8857-644B5F57F6FC}.Debug|Any CPU.ActiveCfg = Debug|Any CPU
		{299A4619-928D-4D7F-8857-644B5F57F6FC}.Debug|Any CPU.Build.0 = Debug|Any CPU
		{299A4619-928D-4D7F-8857-644B5F57F6FC}.Debug|Mixed Platforms.ActiveCfg = Debug|Any CPU
		{299A4619-928D-4D7F-8857-644B5F57F6FC}.Debug|Mixed Platforms.Build.0 = Debug|Any CPU
		{299A4619-928D-4D7F-8857-644B5F57F6FC}.Debug|x86.ActiveCfg = Debug|Any CPU
		{299A4619-928D-4D7F-8857-644B5F57F6FC}.Release|Any CPU.ActiveCfg = Release|Any CPU
		{299A4619-928D-4D7F-8857-644B5F57F6FC}.Release|Any CPU.Build.0 = Release|Any CPU
		{299A4619-928D-4D7F-8857-644B5F57F6FC}.Release|Mixed Platforms.ActiveCfg = Release|Any CPU
		{299A4619-928D-4D7F-8857-644B5F57F6FC}.Release|Mixed Platforms.Build.0 = Release|Any CPU
		{299A4619-928D-4D7F-8857-644B5F57F6FC}.Release|x86.ActiveCfg = Release|Any CPU
		{7769C77A-8479-4149-8364-65B49D5836FB}.Debug|Any CPU.ActiveCfg = Debug|x86
		{7769C77A-8479-4149-8364-65B49D5836FB}.Debug|Any CPU.Build.0 = Debug|x86
		{7769C77A-8479-4149-8364-65B49D5836FB}.Debug|Mixed Platforms.ActiveCfg = Debug|x86
		{7769C77A-8479-4149-8364-65B49D5836FB}.Debug|Mixed Platforms.Build.0 = Debug|x86
		{7769C77A-8479-4149-8364-65B49D5836FB}.Debug|x86.ActiveCfg = Debug|x86
		{7769C77A-8479-4149-8364-65B49D5836FB}.Debug|x86.Build.0 = Debug|x86
		{7769C77A-8479-4149-8364-65B49D5836FB}.Release|Any CPU.ActiveCfg = Release|x86
		{7769C77A-8479-4149-8364-65B49D5836FB}.Release|Any CPU.Build.0 = Release|x86
		{7769C77A-8479-4149-8364-65B49D5836FB}.Release|Mixed Platforms.ActiveCfg = Release|x86
		{7769C77A-8479-4149-8364-65B49D5836FB}.Release|Mixed Platforms.Build.0 = Release|x86
		{7769C77A-8479-4149-8364-65B49D5836FB}.Release|x86.ActiveCfg = Release|x86
		{7769C77A-8479-4149-8364-65B49D5836FB}.Release|x86.Build.0 = Release|x86
		{7B0F5088-336F-48E6-8D6A-A978EA28E426}.Debug|Any CPU.ActiveCfg = Debug|Any CPU
		{7B0F5088-336F-48E6-8D6A-A978EA28E426}.Debug|Any CPU.Build.0 = Debug|Any CPU
		{7B0F5088-336F-48E6-8D6A-A978EA28E426}.Debug|Mixed Platforms.ActiveCfg = Debug|Any CPU
		{7B0F5088-336F-48E6-8D6A-A978EA28E426}.Debug|Mixed Platforms.Build.0 = Debug|Any CPU
		{7B0F5088-336F-48E6-8D6A-A978EA28E426}.Debug|x86.ActiveCfg = Debug|Any CPU
		{7B0F5088-336F-48E6-8D6A-A978EA28E426}.Release|Any CPU.ActiveCfg = Release|Any CPU
		{7B0F5088-336F-48E6-8D6A-A978EA28E426}.Release|Mixed Platforms.ActiveCfg = Release|Any CPU
		{7B0F5088-336F-48E6-8D6A-A978EA28E426}.Release|Mixed Platforms.Build.0 = Release|Any CPU
		{7B0F5088-336F-48E6-8D6A-A978EA28E426}.Release|x86.ActiveCfg = Release|Any CPU
		{8C6893B8-8273-487C-8A44-2C25917F40BA}.Debug|Any CPU.ActiveCfg = Debug|Any CPU
		{8C6893B8-8273-487C-8A44-2C25917F40BA}.Debug|Any CPU.Build.0 = Debug|Any CPU
		{8C6893B8-8273-487C-8A44-2C25917F40BA}.Debug|Mixed Platforms.ActiveCfg = Debug|Any CPU
		{8C6893B8-8273-487C-8A44-2C25917F40BA}.Debug|Mixed Platforms.Build.0 = Debug|Any CPU
		{8C6893B8-8273-487C-8A44-2C25917F40BA}.Debug|x86.ActiveCfg = Debug|Any CPU
		{8C6893B8-8273-487C-8A44-2C25917F40BA}.Release|Any CPU.ActiveCfg = Release|Any CPU
		{8C6893B8-8273-487C-8A44-2C25917F40BA}.Release|Any CPU.Build.0 = Release|Any CPU
		{8C6893B8-8273-487C-8A44-2C25917F40BA}.Release|Mixed Platforms.ActiveCfg = Release|Any CPU
		{8C6893B8-8273-487C-8A44-2C25917F40BA}.Release|Mixed Platforms.Build.0 = Release|Any CPU
		{8C6893B8-8273-487C-8A44-2C25917F40BA}.Release|x86.ActiveCfg = Release|Any CPU
		{A84339B3-9F3F-4519-BD8E-832B7723AC1E}.Debug|Any CPU.ActiveCfg = Debug|x86
		{A84339B3-9F3F-4519-BD8E-832B7723AC1E}.Debug|Any CPU.Build.0 = Debug|x86
		{A84339B3-9F3F-4519-BD8E-832B7723AC1E}.Debug|Mixed Platforms.ActiveCfg = Debug|x86
		{A84339B3-9F3F-4519-BD8E-832B7723AC1E}.Debug|Mixed Platforms.Build.0 = Debug|x86
		{A84339B3-9F3F-4519-BD8E-832B7723AC1E}.Debug|x86.ActiveCfg = Debug|x86
		{A84339B3-9F3F-4519-BD8E-832B7723AC1E}.Debug|x86.Build.0 = Debug|x86
		{A84339B3-9F3F-4519-BD8E-832B7723AC1E}.Release|Any CPU.ActiveCfg = Release|x86
		{A84339B3-9F3F-4519-BD8E-832B7723AC1E}.Release|Any CPU.Build.0 = Release|x86
		{A84339B3-9F3F-4519-BD8E-832B7723AC1E}.Release|Mixed Platforms.ActiveCfg = Release|x86
		{A84339B3-9F3F-4519-BD8E-832B7723AC1E}.Release|Mixed Platforms.Build.0 = Release|x86
		{A84339B3-9F3F-4519-BD8E-832B7723AC1E}.Release|x86.ActiveCfg = Release|x86
		{A84339B3-9F3F-4519-BD8E-832B7723AC1E}.Release|x86.Build.0 = Release|x86
		{91E7C416-3356-424F-8CD2-6D8CB3B01E7C}.Debug|Any CPU.ActiveCfg = Debug|Any CPU
		{91E7C416-3356-424F-8CD2-6D8CB3B01E7C}.Debug|Any CPU.Build.0 = Debug|Any CPU
		{91E7C416-3356-424F-8CD2-6D8CB3B01E7C}.Debug|Mixed Platforms.ActiveCfg = Debug|Any CPU
		{91E7C416-3356-424F-8CD2-6D8CB3B01E7C}.Debug|Mixed Platforms.Build.0 = Debug|Any CPU
		{91E7C416-3356-424F-8CD2-6D8CB3B01E7C}.Debug|x86.ActiveCfg = Debug|Any CPU
		{91E7C416-3356-424F-8CD2-6D8CB3B01E7C}.Release|Any CPU.ActiveCfg = Release|Any CPU
		{91E7C416-3356-424F-8CD2-6D8CB3B01E7C}.Release|Mixed Platforms.ActiveCfg = Release|Any CPU
		{91E7C416-3356-424F-8CD2-6D8CB3B01E7C}.Release|Mixed Platforms.Build.0 = Release|Any CPU
		{91E7C416-3356-424F-8CD2-6D8CB3B01E7C}.Release|x86.ActiveCfg = Release|Any CPU
		{C9DA2AB8-ED31-4E20-9420-5597FCBAE284}.Debug|Any CPU.ActiveCfg = Debug|Any CPU
		{C9DA2AB8-ED31-4E20-9420-5597FCBAE284}.Debug|Any CPU.Build.0 = Debug|Any CPU
		{C9DA2AB8-ED31-4E20-9420-5597FCBAE284}.Debug|Mixed Platforms.ActiveCfg = Debug|Any CPU
		{C9DA2AB8-ED31-4E20-9420-5597FCBAE284}.Debug|Mixed Platforms.Build.0 = Debug|Any CPU
		{C9DA2AB8-ED31-4E20-9420-5597FCBAE284}.Debug|x86.ActiveCfg = Debug|Any CPU
		{C9DA2AB8-ED31-4E20-9420-5597FCBAE284}.Release|Any CPU.ActiveCfg = Release|Any CPU
		{C9DA2AB8-ED31-4E20-9420-5597FCBAE284}.Release|Any CPU.Build.0 = Release|Any CPU
		{C9DA2AB8-ED31-4E20-9420-5597FCBAE284}.Release|Mixed Platforms.ActiveCfg = Release|Any CPU
		{C9DA2AB8-ED31-4E20-9420-5597FCBAE284}.Release|Mixed Platforms.Build.0 = Release|Any CPU
		{C9DA2AB8-ED31-4E20-9420-5597FCBAE284}.Release|x86.ActiveCfg = Release|Any CPU
		{3F9E6801-A015-4F7E-9B67-7015F1F58B18}.Debug|Any CPU.ActiveCfg = Debug|Any CPU
		{3F9E6801-A015-4F7E-9B67-7015F1F58B18}.Debug|Any CPU.Build.0 = Debug|Any CPU
		{3F9E6801-A015-4F7E-9B67-7015F1F58B18}.Debug|Mixed Platforms.ActiveCfg = Debug|Any CPU
		{3F9E6801-A015-4F7E-9B67-7015F1F58B18}.Debug|Mixed Platforms.Build.0 = Debug|Any CPU
		{3F9E6801-A015-4F7E-9B67-7015F1F58B18}.Debug|x86.ActiveCfg = Debug|Any CPU
		{3F9E6801-A015-4F7E-9B67-7015F1F58B18}.Release|Any CPU.ActiveCfg = Release|Any CPU
		{3F9E6801-A015-4F7E-9B67-7015F1F58B18}.Release|Any CPU.Build.0 = Release|Any CPU
		{3F9E6801-A015-4F7E-9B67-7015F1F58B18}.Release|Mixed Platforms.ActiveCfg = Release|Any CPU
		{3F9E6801-A015-4F7E-9B67-7015F1F58B18}.Release|Mixed Platforms.Build.0 = Release|Any CPU
		{3F9E6801-A015-4F7E-9B67-7015F1F58B18}.Release|x86.ActiveCfg = Release|Any CPU
		{7703A41E-41E1-4D58-B686-07FD497D15F7}.Debug|Any CPU.ActiveCfg = Debug|Any CPU
		{7703A41E-41E1-4D58-B686-07FD497D15F7}.Debug|Any CPU.Build.0 = Debug|Any CPU
		{7703A41E-41E1-4D58-B686-07FD497D15F7}.Debug|Mixed Platforms.ActiveCfg = Debug|Any CPU
		{7703A41E-41E1-4D58-B686-07FD497D15F7}.Debug|Mixed Platforms.Build.0 = Debug|Any CPU
		{7703A41E-41E1-4D58-B686-07FD497D15F7}.Debug|x86.ActiveCfg = Debug|Any CPU
		{7703A41E-41E1-4D58-B686-07FD497D15F7}.Release|Any CPU.ActiveCfg = Release|Any CPU
		{7703A41E-41E1-4D58-B686-07FD497D15F7}.Release|Any CPU.Build.0 = Release|Any CPU
		{7703A41E-41E1-4D58-B686-07FD497D15F7}.Release|Mixed Platforms.ActiveCfg = Release|Any CPU
		{7703A41E-41E1-4D58-B686-07FD497D15F7}.Release|Mixed Platforms.Build.0 = Release|Any CPU
		{7703A41E-41E1-4D58-B686-07FD497D15F7}.Release|x86.ActiveCfg = Release|Any CPU
		{8BBACCEF-0CF7-4D5E-B4EF-DDB1DFE6CAB5}.Debug|Any CPU.ActiveCfg = Debug|Any CPU
		{8BBACCEF-0CF7-4D5E-B4EF-DDB1DFE6CAB5}.Debug|Any CPU.Build.0 = Debug|Any CPU
		{8BBACCEF-0CF7-4D5E-B4EF-DDB1DFE6CAB5}.Debug|Mixed Platforms.ActiveCfg = Debug|Any CPU
		{8BBACCEF-0CF7-4D5E-B4EF-DDB1DFE6CAB5}.Debug|Mixed Platforms.Build.0 = Debug|Any CPU
		{8BBACCEF-0CF7-4D5E-B4EF-DDB1DFE6CAB5}.Debug|x86.ActiveCfg = Debug|Any CPU
		{8BBACCEF-0CF7-4D5E-B4EF-DDB1DFE6CAB5}.Release|Any CPU.ActiveCfg = Release|Any CPU
		{8BBACCEF-0CF7-4D5E-B4EF-DDB1DFE6CAB5}.Release|Any CPU.Build.0 = Release|Any CPU
		{8BBACCEF-0CF7-4D5E-B4EF-DDB1DFE6CAB5}.Release|Mixed Platforms.ActiveCfg = Release|Any CPU
		{8BBACCEF-0CF7-4D5E-B4EF-DDB1DFE6CAB5}.Release|Mixed Platforms.Build.0 = Release|Any CPU
		{8BBACCEF-0CF7-4D5E-B4EF-DDB1DFE6CAB5}.Release|x86.ActiveCfg = Release|Any CPU
		{D7DA532C-7168-4D54-B413-EE31E107C187}.Debug|Any CPU.ActiveCfg = Debug|Any CPU
		{D7DA532C-7168-4D54-B413-EE31E107C187}.Debug|Any CPU.Build.0 = Debug|Any CPU
		{D7DA532C-7168-4D54-B413-EE31E107C187}.Debug|Mixed Platforms.ActiveCfg = Debug|Any CPU
		{D7DA532C-7168-4D54-B413-EE31E107C187}.Debug|Mixed Platforms.Build.0 = Debug|Any CPU
		{D7DA532C-7168-4D54-B413-EE31E107C187}.Debug|x86.ActiveCfg = Debug|Any CPU
		{D7DA532C-7168-4D54-B413-EE31E107C187}.Release|Any CPU.ActiveCfg = Release|Any CPU
		{D7DA532C-7168-4D54-B413-EE31E107C187}.Release|Any CPU.Build.0 = Release|Any CPU
		{D7DA532C-7168-4D54-B413-EE31E107C187}.Release|Mixed Platforms.ActiveCfg = Release|Any CPU
		{D7DA532C-7168-4D54-B413-EE31E107C187}.Release|Mixed Platforms.Build.0 = Release|Any CPU
		{D7DA532C-7168-4D54-B413-EE31E107C187}.Release|x86.ActiveCfg = Release|Any CPU
		{9E75FB2B-2806-4CB3-870D-4554960B07D5}.Debug|Any CPU.ActiveCfg = Debug|x86
		{9E75FB2B-2806-4CB3-870D-4554960B07D5}.Debug|Mixed Platforms.ActiveCfg = Debug|x86
		{9E75FB2B-2806-4CB3-870D-4554960B07D5}.Debug|Mixed Platforms.Build.0 = Debug|x86
		{9E75FB2B-2806-4CB3-870D-4554960B07D5}.Debug|x86.ActiveCfg = Debug|x86
		{9E75FB2B-2806-4CB3-870D-4554960B07D5}.Debug|x86.Build.0 = Debug|x86
		{9E75FB2B-2806-4CB3-870D-4554960B07D5}.Release|Any CPU.ActiveCfg = Release|x86
		{9E75FB2B-2806-4CB3-870D-4554960B07D5}.Release|Mixed Platforms.ActiveCfg = Release|x86
		{9E75FB2B-2806-4CB3-870D-4554960B07D5}.Release|Mixed Platforms.Build.0 = Release|x86
		{9E75FB2B-2806-4CB3-870D-4554960B07D5}.Release|x86.ActiveCfg = Release|x86
		{9E75FB2B-2806-4CB3-870D-4554960B07D5}.Release|x86.Build.0 = Release|x86
		{2B4BB796-63F3-4649-BBE2-E02602FC4EFB}.Debug|Any CPU.ActiveCfg = Debug|Any CPU
		{2B4BB796-63F3-4649-BBE2-E02602FC4EFB}.Debug|Any CPU.Build.0 = Debug|Any CPU
		{2B4BB796-63F3-4649-BBE2-E02602FC4EFB}.Debug|Mixed Platforms.ActiveCfg = Debug|Any CPU
		{2B4BB796-63F3-4649-BBE2-E02602FC4EFB}.Debug|Mixed Platforms.Build.0 = Debug|Any CPU
		{2B4BB796-63F3-4649-BBE2-E02602FC4EFB}.Debug|x86.ActiveCfg = Debug|Any CPU
		{2B4BB796-63F3-4649-BBE2-E02602FC4EFB}.Release|Any CPU.ActiveCfg = Release|Any CPU
		{2B4BB796-63F3-4649-BBE2-E02602FC4EFB}.Release|Any CPU.Build.0 = Release|Any CPU
		{2B4BB796-63F3-4649-BBE2-E02602FC4EFB}.Release|Mixed Platforms.ActiveCfg = Release|Any CPU
		{2B4BB796-63F3-4649-BBE2-E02602FC4EFB}.Release|Mixed Platforms.Build.0 = Release|Any CPU
		{2B4BB796-63F3-4649-BBE2-E02602FC4EFB}.Release|x86.ActiveCfg = Release|Any CPU
		{71644198-7311-4407-AF61-57119EB61240}.Debug|Any CPU.ActiveCfg = Debug|Any CPU
		{71644198-7311-4407-AF61-57119EB61240}.Debug|Any CPU.Build.0 = Debug|Any CPU
		{71644198-7311-4407-AF61-57119EB61240}.Debug|Mixed Platforms.ActiveCfg = Debug|Any CPU
		{71644198-7311-4407-AF61-57119EB61240}.Debug|Mixed Platforms.Build.0 = Debug|Any CPU
		{71644198-7311-4407-AF61-57119EB61240}.Debug|x86.ActiveCfg = Debug|Any CPU
		{71644198-7311-4407-AF61-57119EB61240}.Release|Any CPU.ActiveCfg = Release|Any CPU
		{71644198-7311-4407-AF61-57119EB61240}.Release|Any CPU.Build.0 = Release|Any CPU
		{71644198-7311-4407-AF61-57119EB61240}.Release|Mixed Platforms.ActiveCfg = Release|Any CPU
		{71644198-7311-4407-AF61-57119EB61240}.Release|Mixed Platforms.Build.0 = Release|Any CPU
		{71644198-7311-4407-AF61-57119EB61240}.Release|x86.ActiveCfg = Release|Any CPU
		{120BE52C-3523-4370-9617-C1383E9A3427}.Debug|Any CPU.ActiveCfg = Debug|Any CPU
		{120BE52C-3523-4370-9617-C1383E9A3427}.Debug|Any CPU.Build.0 = Debug|Any CPU
		{120BE52C-3523-4370-9617-C1383E9A3427}.Debug|Mixed Platforms.ActiveCfg = Debug|Any CPU
		{120BE52C-3523-4370-9617-C1383E9A3427}.Debug|Mixed Platforms.Build.0 = Debug|Any CPU
		{120BE52C-3523-4370-9617-C1383E9A3427}.Debug|x86.ActiveCfg = Debug|Any CPU
		{120BE52C-3523-4370-9617-C1383E9A3427}.Release|Any CPU.ActiveCfg = Release|Any CPU
		{120BE52C-3523-4370-9617-C1383E9A3427}.Release|Any CPU.Build.0 = Release|Any CPU
		{120BE52C-3523-4370-9617-C1383E9A3427}.Release|Mixed Platforms.ActiveCfg = Release|Any CPU
		{120BE52C-3523-4370-9617-C1383E9A3427}.Release|Mixed Platforms.Build.0 = Release|Any CPU
		{120BE52C-3523-4370-9617-C1383E9A3427}.Release|x86.ActiveCfg = Release|Any CPU
		{5AC644F4-035A-49F7-A80A-3C842E05A8FD}.Debug|Any CPU.ActiveCfg = Debug|Any CPU
		{5AC644F4-035A-49F7-A80A-3C842E05A8FD}.Debug|Any CPU.Build.0 = Debug|Any CPU
		{5AC644F4-035A-49F7-A80A-3C842E05A8FD}.Debug|Mixed Platforms.ActiveCfg = Debug|Any CPU
		{5AC644F4-035A-49F7-A80A-3C842E05A8FD}.Debug|Mixed Platforms.Build.0 = Debug|Any CPU
		{5AC644F4-035A-49F7-A80A-3C842E05A8FD}.Debug|x86.ActiveCfg = Debug|Any CPU
		{5AC644F4-035A-49F7-A80A-3C842E05A8FD}.Release|Any CPU.ActiveCfg = Release|Any CPU
		{5AC644F4-035A-49F7-A80A-3C842E05A8FD}.Release|Any CPU.Build.0 = Release|Any CPU
		{5AC644F4-035A-49F7-A80A-3C842E05A8FD}.Release|Mixed Platforms.ActiveCfg = Release|Any CPU
		{5AC644F4-035A-49F7-A80A-3C842E05A8FD}.Release|Mixed Platforms.Build.0 = Release|Any CPU
		{5AC644F4-035A-49F7-A80A-3C842E05A8FD}.Release|x86.ActiveCfg = Release|Any CPU
		{BEE3496C-93E4-4ABD-A29E-3D5705804754}.Debug|Any CPU.ActiveCfg = Debug|Any CPU
		{BEE3496C-93E4-4ABD-A29E-3D5705804754}.Debug|Any CPU.Build.0 = Debug|Any CPU
		{BEE3496C-93E4-4ABD-A29E-3D5705804754}.Debug|Mixed Platforms.ActiveCfg = Debug|Any CPU
		{BEE3496C-93E4-4ABD-A29E-3D5705804754}.Debug|Mixed Platforms.Build.0 = Debug|Any CPU
		{BEE3496C-93E4-4ABD-A29E-3D5705804754}.Debug|x86.ActiveCfg = Debug|Any CPU
		{BEE3496C-93E4-4ABD-A29E-3D5705804754}.Release|Any CPU.ActiveCfg = Release|Any CPU
		{BEE3496C-93E4-4ABD-A29E-3D5705804754}.Release|Any CPU.Build.0 = Release|Any CPU
		{BEE3496C-93E4-4ABD-A29E-3D5705804754}.Release|Mixed Platforms.ActiveCfg = Release|Any CPU
		{BEE3496C-93E4-4ABD-A29E-3D5705804754}.Release|Mixed Platforms.Build.0 = Release|Any CPU
		{BEE3496C-93E4-4ABD-A29E-3D5705804754}.Release|x86.ActiveCfg = Release|Any CPU
		{AE8F622A-FE84-48DE-86DC-E8BD9589787E}.Debug|Any CPU.ActiveCfg = Debug|Any CPU
		{AE8F622A-FE84-48DE-86DC-E8BD9589787E}.Debug|Any CPU.Build.0 = Debug|Any CPU
		{AE8F622A-FE84-48DE-86DC-E8BD9589787E}.Debug|Mixed Platforms.ActiveCfg = Debug|Any CPU
		{AE8F622A-FE84-48DE-86DC-E8BD9589787E}.Debug|Mixed Platforms.Build.0 = Debug|Any CPU
		{AE8F622A-FE84-48DE-86DC-E8BD9589787E}.Debug|x86.ActiveCfg = Debug|Any CPU
		{AE8F622A-FE84-48DE-86DC-E8BD9589787E}.Release|Any CPU.ActiveCfg = Release|Any CPU
		{AE8F622A-FE84-48DE-86DC-E8BD9589787E}.Release|Any CPU.Build.0 = Release|Any CPU
		{AE8F622A-FE84-48DE-86DC-E8BD9589787E}.Release|Mixed Platforms.ActiveCfg = Release|Any CPU
		{AE8F622A-FE84-48DE-86DC-E8BD9589787E}.Release|Mixed Platforms.Build.0 = Release|Any CPU
		{AE8F622A-FE84-48DE-86DC-E8BD9589787E}.Release|x86.ActiveCfg = Release|Any CPU
		{7CE19CAE-FA86-4FEF-873A-20C5C2F0C7B6}.Debug|Any CPU.ActiveCfg = Debug|Any CPU
		{7CE19CAE-FA86-4FEF-873A-20C5C2F0C7B6}.Debug|Any CPU.Build.0 = Debug|Any CPU
		{7CE19CAE-FA86-4FEF-873A-20C5C2F0C7B6}.Debug|Mixed Platforms.ActiveCfg = Debug|Any CPU
		{7CE19CAE-FA86-4FEF-873A-20C5C2F0C7B6}.Debug|Mixed Platforms.Build.0 = Debug|Any CPU
		{7CE19CAE-FA86-4FEF-873A-20C5C2F0C7B6}.Debug|x86.ActiveCfg = Debug|Any CPU
		{7CE19CAE-FA86-4FEF-873A-20C5C2F0C7B6}.Release|Any CPU.ActiveCfg = Release|Any CPU
		{7CE19CAE-FA86-4FEF-873A-20C5C2F0C7B6}.Release|Any CPU.Build.0 = Release|Any CPU
		{7CE19CAE-FA86-4FEF-873A-20C5C2F0C7B6}.Release|Mixed Platforms.ActiveCfg = Release|Any CPU
		{7CE19CAE-FA86-4FEF-873A-20C5C2F0C7B6}.Release|Mixed Platforms.Build.0 = Release|Any CPU
		{7CE19CAE-FA86-4FEF-873A-20C5C2F0C7B6}.Release|x86.ActiveCfg = Release|Any CPU
		{AEB5AE42-32B2-4964-9918-1E86CC209869}.Debug|Any CPU.ActiveCfg = Debug|Any CPU
		{AEB5AE42-32B2-4964-9918-1E86CC209869}.Debug|Any CPU.Build.0 = Debug|Any CPU
		{AEB5AE42-32B2-4964-9918-1E86CC209869}.Debug|Mixed Platforms.ActiveCfg = Debug|Any CPU
		{AEB5AE42-32B2-4964-9918-1E86CC209869}.Debug|Mixed Platforms.Build.0 = Debug|Any CPU
		{AEB5AE42-32B2-4964-9918-1E86CC209869}.Debug|x86.ActiveCfg = Debug|Any CPU
		{AEB5AE42-32B2-4964-9918-1E86CC209869}.Release|Any CPU.ActiveCfg = Release|Any CPU
		{AEB5AE42-32B2-4964-9918-1E86CC209869}.Release|Any CPU.Build.0 = Release|Any CPU
		{AEB5AE42-32B2-4964-9918-1E86CC209869}.Release|Mixed Platforms.ActiveCfg = Release|Any CPU
		{AEB5AE42-32B2-4964-9918-1E86CC209869}.Release|Mixed Platforms.Build.0 = Release|Any CPU
		{AEB5AE42-32B2-4964-9918-1E86CC209869}.Release|x86.ActiveCfg = Release|Any CPU
		{9BD2735E-A370-4730-B892-FA2EE2C228FB}.Debug|Any CPU.ActiveCfg = Debug|Any CPU
		{9BD2735E-A370-4730-B892-FA2EE2C228FB}.Debug|Any CPU.Build.0 = Debug|Any CPU
		{9BD2735E-A370-4730-B892-FA2EE2C228FB}.Debug|Mixed Platforms.ActiveCfg = Debug|Any CPU
		{9BD2735E-A370-4730-B892-FA2EE2C228FB}.Debug|Mixed Platforms.Build.0 = Debug|Any CPU
		{9BD2735E-A370-4730-B892-FA2EE2C228FB}.Debug|x86.ActiveCfg = Debug|Any CPU
		{9BD2735E-A370-4730-B892-FA2EE2C228FB}.Release|Any CPU.ActiveCfg = Release|Any CPU
		{9BD2735E-A370-4730-B892-FA2EE2C228FB}.Release|Any CPU.Build.0 = Release|Any CPU
		{9BD2735E-A370-4730-B892-FA2EE2C228FB}.Release|Mixed Platforms.ActiveCfg = Release|Any CPU
		{9BD2735E-A370-4730-B892-FA2EE2C228FB}.Release|Mixed Platforms.Build.0 = Release|Any CPU
		{9BD2735E-A370-4730-B892-FA2EE2C228FB}.Release|x86.ActiveCfg = Release|Any CPU
		{8B996192-68B9-4EA3-B797-FABF871AC815}.Debug|Any CPU.ActiveCfg = Debug|Any CPU
		{8B996192-68B9-4EA3-B797-FABF871AC815}.Debug|Any CPU.Build.0 = Debug|Any CPU
		{8B996192-68B9-4EA3-B797-FABF871AC815}.Debug|Mixed Platforms.ActiveCfg = Debug|Any CPU
		{8B996192-68B9-4EA3-B797-FABF871AC815}.Debug|Mixed Platforms.Build.0 = Debug|Any CPU
		{8B996192-68B9-4EA3-B797-FABF871AC815}.Debug|x86.ActiveCfg = Debug|Any CPU
		{8B996192-68B9-4EA3-B797-FABF871AC815}.Release|Any CPU.ActiveCfg = Release|Any CPU
		{8B996192-68B9-4EA3-B797-FABF871AC815}.Release|Any CPU.Build.0 = Release|Any CPU
		{8B996192-68B9-4EA3-B797-FABF871AC815}.Release|Mixed Platforms.ActiveCfg = Release|Any CPU
		{8B996192-68B9-4EA3-B797-FABF871AC815}.Release|Mixed Platforms.Build.0 = Release|Any CPU
		{8B996192-68B9-4EA3-B797-FABF871AC815}.Release|x86.ActiveCfg = Release|Any CPU
		{A7889BCC-D9F2-404D-B787-AAC15E366A86}.Debug|Any CPU.ActiveCfg = Debug|Any CPU
		{A7889BCC-D9F2-404D-B787-AAC15E366A86}.Debug|Any CPU.Build.0 = Debug|Any CPU
		{A7889BCC-D9F2-404D-B787-AAC15E366A86}.Debug|Mixed Platforms.ActiveCfg = Debug|Any CPU
		{A7889BCC-D9F2-404D-B787-AAC15E366A86}.Debug|Mixed Platforms.Build.0 = Debug|Any CPU
		{A7889BCC-D9F2-404D-B787-AAC15E366A86}.Debug|x86.ActiveCfg = Debug|Any CPU
		{A7889BCC-D9F2-404D-B787-AAC15E366A86}.Release|Any CPU.ActiveCfg = Release|Any CPU
		{A7889BCC-D9F2-404D-B787-AAC15E366A86}.Release|Any CPU.Build.0 = Release|Any CPU
		{A7889BCC-D9F2-404D-B787-AAC15E366A86}.Release|Mixed Platforms.ActiveCfg = Release|Any CPU
		{A7889BCC-D9F2-404D-B787-AAC15E366A86}.Release|Mixed Platforms.Build.0 = Release|Any CPU
		{A7889BCC-D9F2-404D-B787-AAC15E366A86}.Release|x86.ActiveCfg = Release|Any CPU
		{377E6BF8-25FF-45B3-B1D8-2796C3ED2345}.Debug|Any CPU.ActiveCfg = Debug|Any CPU
		{377E6BF8-25FF-45B3-B1D8-2796C3ED2345}.Debug|Any CPU.Build.0 = Debug|Any CPU
		{377E6BF8-25FF-45B3-B1D8-2796C3ED2345}.Debug|Mixed Platforms.ActiveCfg = Debug|Any CPU
		{377E6BF8-25FF-45B3-B1D8-2796C3ED2345}.Debug|Mixed Platforms.Build.0 = Debug|Any CPU
		{377E6BF8-25FF-45B3-B1D8-2796C3ED2345}.Debug|x86.ActiveCfg = Debug|Any CPU
		{377E6BF8-25FF-45B3-B1D8-2796C3ED2345}.Release|Any CPU.ActiveCfg = Release|Any CPU
		{377E6BF8-25FF-45B3-B1D8-2796C3ED2345}.Release|Any CPU.Build.0 = Release|Any CPU
		{377E6BF8-25FF-45B3-B1D8-2796C3ED2345}.Release|Mixed Platforms.ActiveCfg = Release|Any CPU
		{377E6BF8-25FF-45B3-B1D8-2796C3ED2345}.Release|Mixed Platforms.Build.0 = Release|Any CPU
		{377E6BF8-25FF-45B3-B1D8-2796C3ED2345}.Release|x86.ActiveCfg = Release|Any CPU
		{CAE741F7-1594-48F3-AAFE-ED3DCA06B29D}.Debug|Any CPU.ActiveCfg = Debug|Any CPU
		{CAE741F7-1594-48F3-AAFE-ED3DCA06B29D}.Debug|Any CPU.Build.0 = Debug|Any CPU
		{CAE741F7-1594-48F3-AAFE-ED3DCA06B29D}.Debug|Mixed Platforms.ActiveCfg = Debug|Any CPU
		{CAE741F7-1594-48F3-AAFE-ED3DCA06B29D}.Debug|Mixed Platforms.Build.0 = Debug|Any CPU
		{CAE741F7-1594-48F3-AAFE-ED3DCA06B29D}.Debug|x86.ActiveCfg = Debug|Any CPU
		{CAE741F7-1594-48F3-AAFE-ED3DCA06B29D}.Release|Any CPU.ActiveCfg = Release|Any CPU
		{CAE741F7-1594-48F3-AAFE-ED3DCA06B29D}.Release|Any CPU.Build.0 = Release|Any CPU
		{CAE741F7-1594-48F3-AAFE-ED3DCA06B29D}.Release|Mixed Platforms.ActiveCfg = Release|Any CPU
		{CAE741F7-1594-48F3-AAFE-ED3DCA06B29D}.Release|Mixed Platforms.Build.0 = Release|Any CPU
		{CAE741F7-1594-48F3-AAFE-ED3DCA06B29D}.Release|x86.ActiveCfg = Release|Any CPU
		{4DB002AF-916E-46B1-A74C-BDD883DCC4C0}.Debug|Any CPU.ActiveCfg = Debug|Any CPU
		{4DB002AF-916E-46B1-A74C-BDD883DCC4C0}.Debug|Any CPU.Build.0 = Debug|Any CPU
		{4DB002AF-916E-46B1-A74C-BDD883DCC4C0}.Debug|Mixed Platforms.ActiveCfg = Debug|Any CPU
		{4DB002AF-916E-46B1-A74C-BDD883DCC4C0}.Debug|Mixed Platforms.Build.0 = Debug|Any CPU
		{4DB002AF-916E-46B1-A74C-BDD883DCC4C0}.Debug|x86.ActiveCfg = Debug|Any CPU
		{4DB002AF-916E-46B1-A74C-BDD883DCC4C0}.Release|Any CPU.ActiveCfg = Release|Any CPU
		{4DB002AF-916E-46B1-A74C-BDD883DCC4C0}.Release|Any CPU.Build.0 = Release|Any CPU
		{4DB002AF-916E-46B1-A74C-BDD883DCC4C0}.Release|Mixed Platforms.ActiveCfg = Release|Any CPU
		{4DB002AF-916E-46B1-A74C-BDD883DCC4C0}.Release|Mixed Platforms.Build.0 = Release|Any CPU
		{4DB002AF-916E-46B1-A74C-BDD883DCC4C0}.Release|x86.ActiveCfg = Release|Any CPU
		{30A34B9C-0760-40E4-92C5-81EB58C06311}.Debug|Any CPU.ActiveCfg = Debug|Any CPU
		{30A34B9C-0760-40E4-92C5-81EB58C06311}.Debug|Any CPU.Build.0 = Debug|Any CPU
		{30A34B9C-0760-40E4-92C5-81EB58C06311}.Debug|Mixed Platforms.ActiveCfg = Debug|Any CPU
		{30A34B9C-0760-40E4-92C5-81EB58C06311}.Debug|Mixed Platforms.Build.0 = Debug|Any CPU
		{30A34B9C-0760-40E4-92C5-81EB58C06311}.Debug|x86.ActiveCfg = Debug|Any CPU
		{30A34B9C-0760-40E4-92C5-81EB58C06311}.Release|Any CPU.ActiveCfg = Release|Any CPU
		{30A34B9C-0760-40E4-92C5-81EB58C06311}.Release|Any CPU.Build.0 = Release|Any CPU
		{30A34B9C-0760-40E4-92C5-81EB58C06311}.Release|Mixed Platforms.ActiveCfg = Release|Any CPU
		{30A34B9C-0760-40E4-92C5-81EB58C06311}.Release|Mixed Platforms.Build.0 = Release|Any CPU
		{30A34B9C-0760-40E4-92C5-81EB58C06311}.Release|x86.ActiveCfg = Release|Any CPU
		{8B919F30-AA02-44DD-8223-285D6B8FDB2D}.Debug|Any CPU.ActiveCfg = Debug|Any CPU
		{8B919F30-AA02-44DD-8223-285D6B8FDB2D}.Debug|Any CPU.Build.0 = Debug|Any CPU
		{8B919F30-AA02-44DD-8223-285D6B8FDB2D}.Debug|Mixed Platforms.ActiveCfg = Debug|Any CPU
		{8B919F30-AA02-44DD-8223-285D6B8FDB2D}.Debug|Mixed Platforms.Build.0 = Debug|Any CPU
		{8B919F30-AA02-44DD-8223-285D6B8FDB2D}.Debug|x86.ActiveCfg = Debug|Any CPU
		{8B919F30-AA02-44DD-8223-285D6B8FDB2D}.Release|Any CPU.ActiveCfg = Release|Any CPU
		{8B919F30-AA02-44DD-8223-285D6B8FDB2D}.Release|Any CPU.Build.0 = Release|Any CPU
		{8B919F30-AA02-44DD-8223-285D6B8FDB2D}.Release|Mixed Platforms.ActiveCfg = Release|Any CPU
		{8B919F30-AA02-44DD-8223-285D6B8FDB2D}.Release|Mixed Platforms.Build.0 = Release|Any CPU
		{8B919F30-AA02-44DD-8223-285D6B8FDB2D}.Release|x86.ActiveCfg = Release|Any CPU
		{1B4351C6-BAAD-4075-A322-CAF4FE582392}.Debug|Any CPU.ActiveCfg = Debug|Any CPU
		{1B4351C6-BAAD-4075-A322-CAF4FE582392}.Debug|Any CPU.Build.0 = Debug|Any CPU
		{1B4351C6-BAAD-4075-A322-CAF4FE582392}.Debug|Mixed Platforms.ActiveCfg = Debug|Any CPU
		{1B4351C6-BAAD-4075-A322-CAF4FE582392}.Debug|Mixed Platforms.Build.0 = Debug|Any CPU
		{1B4351C6-BAAD-4075-A322-CAF4FE582392}.Debug|x86.ActiveCfg = Debug|Any CPU
		{1B4351C6-BAAD-4075-A322-CAF4FE582392}.Release|Any CPU.ActiveCfg = Release|Any CPU
		{1B4351C6-BAAD-4075-A322-CAF4FE582392}.Release|Any CPU.Build.0 = Release|Any CPU
		{1B4351C6-BAAD-4075-A322-CAF4FE582392}.Release|Mixed Platforms.ActiveCfg = Release|Any CPU
		{1B4351C6-BAAD-4075-A322-CAF4FE582392}.Release|Mixed Platforms.Build.0 = Release|Any CPU
		{1B4351C6-BAAD-4075-A322-CAF4FE582392}.Release|x86.ActiveCfg = Release|Any CPU
		{F6F1BD6C-1743-492A-A18C-810E2C5601F2}.Debug|Any CPU.ActiveCfg = Debug|Any CPU
		{F6F1BD6C-1743-492A-A18C-810E2C5601F2}.Debug|Any CPU.Build.0 = Debug|Any CPU
		{F6F1BD6C-1743-492A-A18C-810E2C5601F2}.Debug|Mixed Platforms.ActiveCfg = Debug|Any CPU
		{F6F1BD6C-1743-492A-A18C-810E2C5601F2}.Debug|Mixed Platforms.Build.0 = Debug|Any CPU
		{F6F1BD6C-1743-492A-A18C-810E2C5601F2}.Debug|x86.ActiveCfg = Debug|Any CPU
		{F6F1BD6C-1743-492A-A18C-810E2C5601F2}.Release|Any CPU.ActiveCfg = Release|Any CPU
		{F6F1BD6C-1743-492A-A18C-810E2C5601F2}.Release|Any CPU.Build.0 = Release|Any CPU
		{F6F1BD6C-1743-492A-A18C-810E2C5601F2}.Release|Mixed Platforms.ActiveCfg = Release|Any CPU
		{F6F1BD6C-1743-492A-A18C-810E2C5601F2}.Release|Mixed Platforms.Build.0 = Release|Any CPU
		{F6F1BD6C-1743-492A-A18C-810E2C5601F2}.Release|x86.ActiveCfg = Release|Any CPU
		{4FDF48B5-790A-4717-A798-D18D76032DF7}.Debug|Any CPU.ActiveCfg = Debug|Any CPU
		{4FDF48B5-790A-4717-A798-D18D76032DF7}.Debug|Any CPU.Build.0 = Debug|Any CPU
		{4FDF48B5-790A-4717-A798-D18D76032DF7}.Debug|Mixed Platforms.ActiveCfg = Debug|Any CPU
		{4FDF48B5-790A-4717-A798-D18D76032DF7}.Debug|Mixed Platforms.Build.0 = Debug|Any CPU
		{4FDF48B5-790A-4717-A798-D18D76032DF7}.Debug|x86.ActiveCfg = Debug|Any CPU
		{4FDF48B5-790A-4717-A798-D18D76032DF7}.Release|Any CPU.ActiveCfg = Release|Any CPU
		{4FDF48B5-790A-4717-A798-D18D76032DF7}.Release|Any CPU.Build.0 = Release|Any CPU
		{4FDF48B5-790A-4717-A798-D18D76032DF7}.Release|Mixed Platforms.ActiveCfg = Release|Any CPU
		{4FDF48B5-790A-4717-A798-D18D76032DF7}.Release|Mixed Platforms.Build.0 = Release|Any CPU
		{4FDF48B5-790A-4717-A798-D18D76032DF7}.Release|x86.ActiveCfg = Release|Any CPU
		{67C20A7E-D4C2-4483-B9D8-51B619361FB6}.Debug|Any CPU.ActiveCfg = Debug|Any CPU
		{67C20A7E-D4C2-4483-B9D8-51B619361FB6}.Debug|Any CPU.Build.0 = Debug|Any CPU
		{67C20A7E-D4C2-4483-B9D8-51B619361FB6}.Debug|Mixed Platforms.ActiveCfg = Debug|Any CPU
		{67C20A7E-D4C2-4483-B9D8-51B619361FB6}.Debug|Mixed Platforms.Build.0 = Debug|Any CPU
		{67C20A7E-D4C2-4483-B9D8-51B619361FB6}.Debug|x86.ActiveCfg = Debug|Any CPU
		{67C20A7E-D4C2-4483-B9D8-51B619361FB6}.Release|Any CPU.ActiveCfg = Release|Any CPU
		{67C20A7E-D4C2-4483-B9D8-51B619361FB6}.Release|Any CPU.Build.0 = Release|Any CPU
		{67C20A7E-D4C2-4483-B9D8-51B619361FB6}.Release|Mixed Platforms.ActiveCfg = Release|Any CPU
		{67C20A7E-D4C2-4483-B9D8-51B619361FB6}.Release|Mixed Platforms.Build.0 = Release|Any CPU
		{67C20A7E-D4C2-4483-B9D8-51B619361FB6}.Release|x86.ActiveCfg = Release|Any CPU
		{358A2F61-3680-4FBC-9C1F-D578E871237F}.Debug|Any CPU.ActiveCfg = Debug|Any CPU
		{358A2F61-3680-4FBC-9C1F-D578E871237F}.Debug|Any CPU.Build.0 = Debug|Any CPU
		{358A2F61-3680-4FBC-9C1F-D578E871237F}.Debug|Mixed Platforms.ActiveCfg = Debug|Any CPU
		{358A2F61-3680-4FBC-9C1F-D578E871237F}.Debug|Mixed Platforms.Build.0 = Debug|Any CPU
		{358A2F61-3680-4FBC-9C1F-D578E871237F}.Debug|x86.ActiveCfg = Debug|Any CPU
		{358A2F61-3680-4FBC-9C1F-D578E871237F}.Release|Any CPU.ActiveCfg = Release|Any CPU
		{358A2F61-3680-4FBC-9C1F-D578E871237F}.Release|Any CPU.Build.0 = Release|Any CPU
		{358A2F61-3680-4FBC-9C1F-D578E871237F}.Release|Mixed Platforms.ActiveCfg = Release|Any CPU
		{358A2F61-3680-4FBC-9C1F-D578E871237F}.Release|Mixed Platforms.Build.0 = Release|Any CPU
		{358A2F61-3680-4FBC-9C1F-D578E871237F}.Release|x86.ActiveCfg = Release|Any CPU
		{A20CFF83-65F7-425B-AC97-43A975855CBE}.Debug|Any CPU.ActiveCfg = Debug|Any CPU
		{A20CFF83-65F7-425B-AC97-43A975855CBE}.Debug|Any CPU.Build.0 = Debug|Any CPU
		{A20CFF83-65F7-425B-AC97-43A975855CBE}.Debug|Mixed Platforms.ActiveCfg = Debug|Any CPU
		{A20CFF83-65F7-425B-AC97-43A975855CBE}.Debug|Mixed Platforms.Build.0 = Debug|Any CPU
		{A20CFF83-65F7-425B-AC97-43A975855CBE}.Debug|x86.ActiveCfg = Debug|Any CPU
		{A20CFF83-65F7-425B-AC97-43A975855CBE}.Release|Any CPU.ActiveCfg = Release|Any CPU
		{A20CFF83-65F7-425B-AC97-43A975855CBE}.Release|Any CPU.Build.0 = Release|Any CPU
		{A20CFF83-65F7-425B-AC97-43A975855CBE}.Release|Mixed Platforms.ActiveCfg = Release|Any CPU
		{A20CFF83-65F7-425B-AC97-43A975855CBE}.Release|Mixed Platforms.Build.0 = Release|Any CPU
		{A20CFF83-65F7-425B-AC97-43A975855CBE}.Release|x86.ActiveCfg = Release|Any CPU
		{E728C014-9DC9-4C27-8719-F16551727D58}.Debug|Any CPU.ActiveCfg = Debug|Any CPU
		{E728C014-9DC9-4C27-8719-F16551727D58}.Debug|Any CPU.Build.0 = Debug|Any CPU
		{E728C014-9DC9-4C27-8719-F16551727D58}.Debug|Mixed Platforms.ActiveCfg = Debug|Any CPU
		{E728C014-9DC9-4C27-8719-F16551727D58}.Debug|Mixed Platforms.Build.0 = Debug|Any CPU
		{E728C014-9DC9-4C27-8719-F16551727D58}.Debug|x86.ActiveCfg = Debug|Any CPU
		{E728C014-9DC9-4C27-8719-F16551727D58}.Release|Any CPU.ActiveCfg = Release|Any CPU
		{E728C014-9DC9-4C27-8719-F16551727D58}.Release|Any CPU.Build.0 = Release|Any CPU
		{E728C014-9DC9-4C27-8719-F16551727D58}.Release|Mixed Platforms.ActiveCfg = Release|Any CPU
		{E728C014-9DC9-4C27-8719-F16551727D58}.Release|Mixed Platforms.Build.0 = Release|Any CPU
		{E728C014-9DC9-4C27-8719-F16551727D58}.Release|x86.ActiveCfg = Release|Any CPU
		{385F4312-6482-4A3A-9EE4-5B20018746B6}.Debug|Any CPU.ActiveCfg = Debug|Any CPU
		{385F4312-6482-4A3A-9EE4-5B20018746B6}.Debug|Any CPU.Build.0 = Debug|Any CPU
		{385F4312-6482-4A3A-9EE4-5B20018746B6}.Debug|Mixed Platforms.ActiveCfg = Debug|Any CPU
		{385F4312-6482-4A3A-9EE4-5B20018746B6}.Debug|Mixed Platforms.Build.0 = Debug|Any CPU
		{385F4312-6482-4A3A-9EE4-5B20018746B6}.Debug|x86.ActiveCfg = Debug|Any CPU
		{385F4312-6482-4A3A-9EE4-5B20018746B6}.Release|Any CPU.ActiveCfg = Release|Any CPU
		{385F4312-6482-4A3A-9EE4-5B20018746B6}.Release|Any CPU.Build.0 = Release|Any CPU
		{385F4312-6482-4A3A-9EE4-5B20018746B6}.Release|Mixed Platforms.ActiveCfg = Release|Any CPU
		{385F4312-6482-4A3A-9EE4-5B20018746B6}.Release|Mixed Platforms.Build.0 = Release|Any CPU
		{385F4312-6482-4A3A-9EE4-5B20018746B6}.Release|x86.ActiveCfg = Release|Any CPU
		{8EA223D2-22FA-47A0-8DEF-44512AA23F62}.Debug|Any CPU.ActiveCfg = Debug|Any CPU
		{8EA223D2-22FA-47A0-8DEF-44512AA23F62}.Debug|Any CPU.Build.0 = Debug|Any CPU
		{8EA223D2-22FA-47A0-8DEF-44512AA23F62}.Debug|Mixed Platforms.ActiveCfg = Debug|Any CPU
		{8EA223D2-22FA-47A0-8DEF-44512AA23F62}.Debug|Mixed Platforms.Build.0 = Debug|Any CPU
		{8EA223D2-22FA-47A0-8DEF-44512AA23F62}.Debug|x86.ActiveCfg = Debug|Any CPU
		{8EA223D2-22FA-47A0-8DEF-44512AA23F62}.Release|Any CPU.ActiveCfg = Release|Any CPU
		{8EA223D2-22FA-47A0-8DEF-44512AA23F62}.Release|Any CPU.Build.0 = Release|Any CPU
		{8EA223D2-22FA-47A0-8DEF-44512AA23F62}.Release|Mixed Platforms.ActiveCfg = Release|Any CPU
		{8EA223D2-22FA-47A0-8DEF-44512AA23F62}.Release|Mixed Platforms.Build.0 = Release|Any CPU
		{8EA223D2-22FA-47A0-8DEF-44512AA23F62}.Release|x86.ActiveCfg = Release|Any CPU
		{6A5D59E2-4FBC-42A8-BF96-04F3E1B5B53D}.Debug|Any CPU.ActiveCfg = Debug|Any CPU
		{6A5D59E2-4FBC-42A8-BF96-04F3E1B5B53D}.Debug|Any CPU.Build.0 = Debug|Any CPU
		{6A5D59E2-4FBC-42A8-BF96-04F3E1B5B53D}.Debug|Mixed Platforms.ActiveCfg = Debug|Any CPU
		{6A5D59E2-4FBC-42A8-BF96-04F3E1B5B53D}.Debug|Mixed Platforms.Build.0 = Debug|Any CPU
		{6A5D59E2-4FBC-42A8-BF96-04F3E1B5B53D}.Debug|x86.ActiveCfg = Debug|Any CPU
		{6A5D59E2-4FBC-42A8-BF96-04F3E1B5B53D}.Release|Any CPU.ActiveCfg = Release|Any CPU
		{6A5D59E2-4FBC-42A8-BF96-04F3E1B5B53D}.Release|Any CPU.Build.0 = Release|Any CPU
		{6A5D59E2-4FBC-42A8-BF96-04F3E1B5B53D}.Release|Mixed Platforms.ActiveCfg = Release|Any CPU
		{6A5D59E2-4FBC-42A8-BF96-04F3E1B5B53D}.Release|Mixed Platforms.Build.0 = Release|Any CPU
		{6A5D59E2-4FBC-42A8-BF96-04F3E1B5B53D}.Release|x86.ActiveCfg = Release|Any CPU
		{8ED75D08-8E60-4405-BA71-3B9D5DBDBDCD}.Debug|Any CPU.ActiveCfg = Debug|Any CPU
		{8ED75D08-8E60-4405-BA71-3B9D5DBDBDCD}.Debug|Any CPU.Build.0 = Debug|Any CPU
		{8ED75D08-8E60-4405-BA71-3B9D5DBDBDCD}.Debug|Mixed Platforms.ActiveCfg = Debug|Any CPU
		{8ED75D08-8E60-4405-BA71-3B9D5DBDBDCD}.Debug|Mixed Platforms.Build.0 = Debug|Any CPU
		{8ED75D08-8E60-4405-BA71-3B9D5DBDBDCD}.Debug|x86.ActiveCfg = Debug|Any CPU
		{8ED75D08-8E60-4405-BA71-3B9D5DBDBDCD}.Release|Any CPU.ActiveCfg = Release|Any CPU
		{8ED75D08-8E60-4405-BA71-3B9D5DBDBDCD}.Release|Any CPU.Build.0 = Release|Any CPU
		{8ED75D08-8E60-4405-BA71-3B9D5DBDBDCD}.Release|Mixed Platforms.ActiveCfg = Release|Any CPU
		{8ED75D08-8E60-4405-BA71-3B9D5DBDBDCD}.Release|Mixed Platforms.Build.0 = Release|Any CPU
		{8ED75D08-8E60-4405-BA71-3B9D5DBDBDCD}.Release|x86.ActiveCfg = Release|Any CPU
	EndGlobalSection
	GlobalSection(SolutionProperties) = preSolution
		HideSolutionNode = FALSE
	EndGlobalSection
	GlobalSection(NestedProjects) = preSolution
		{46B2B10E-4439-4613-A654-940B939CDC79} = {FB17AE81-600C-4867-85D5-A37EDC9789CF}
		{51787ECF-A5F6-4EF2-B508-0CAF9AA3035B} = {FB17AE81-600C-4867-85D5-A37EDC9789CF}
		{9ECE0809-26D3-4444-9385-C09E17B4F71A} = {FB17AE81-600C-4867-85D5-A37EDC9789CF}
		{2481C90A-D58F-4F4B-8E0D-F709E05C63F9} = {FB17AE81-600C-4867-85D5-A37EDC9789CF}
		{514F9052-8BDC-4D45-B97D-B05C51546633} = {FB17AE81-600C-4867-85D5-A37EDC9789CF}
		{4B55557F-C2AA-4047-9ED9-3E4BBF9CF670} = {46B2B10E-4439-4613-A654-940B939CDC79}
		{7703A41E-41E1-4D58-B686-07FD497D15F7} = {46B2B10E-4439-4613-A654-940B939CDC79}
		{153B5418-C6B3-43A5-A432-BAFFA8EFAA16} = {46B2B10E-4439-4613-A654-940B939CDC79}
		{65C1DB17-18E0-4AC5-8709-3F7E04B88CA1} = {46B2B10E-4439-4613-A654-940B939CDC79}
		{9E75FB2B-2806-4CB3-870D-4554960B07D5} = {51787ECF-A5F6-4EF2-B508-0CAF9AA3035B}
		{2B4BB796-63F3-4649-BBE2-E02602FC4EFB} = {51787ECF-A5F6-4EF2-B508-0CAF9AA3035B}
		{A20CFF83-65F7-425B-AC97-43A975855CBE} = {51787ECF-A5F6-4EF2-B508-0CAF9AA3035B}
		{7769C77A-8479-4149-8364-65B49D5836FB} = {51787ECF-A5F6-4EF2-B508-0CAF9AA3035B}
		{91E7C416-3356-424F-8CD2-6D8CB3B01E7C} = {DB4B7713-1795-453B-A4BC-35BC9D432A54}
		{7B0F5088-336F-48E6-8D6A-A978EA28E426} = {DB4B7713-1795-453B-A4BC-35BC9D432A54}
		{8BBACCEF-0CF7-4D5E-B4EF-DDB1DFE6CAB5} = {DB4B7713-1795-453B-A4BC-35BC9D432A54}
		{D7DA532C-7168-4D54-B413-EE31E107C187} = {DB4B7713-1795-453B-A4BC-35BC9D432A54}
		{67C20A7E-D4C2-4483-B9D8-51B619361FB6} = {DB4B7713-1795-453B-A4BC-35BC9D432A54}
		{358A2F61-3680-4FBC-9C1F-D578E871237F} = {DB4B7713-1795-453B-A4BC-35BC9D432A54}
		{E728C014-9DC9-4C27-8719-F16551727D58} = {DB4B7713-1795-453B-A4BC-35BC9D432A54}
		{6A5D59E2-4FBC-42A8-BF96-04F3E1B5B53D} = {DB4B7713-1795-453B-A4BC-35BC9D432A54}
		{8ED75D08-8E60-4405-BA71-3B9D5DBDBDCD} = {DB4B7713-1795-453B-A4BC-35BC9D432A54}
		{C9DA2AB8-ED31-4E20-9420-5597FCBAE284} = {9ECE0809-26D3-4444-9385-C09E17B4F71A}
		{3F9E6801-A015-4F7E-9B67-7015F1F58B18} = {9ECE0809-26D3-4444-9385-C09E17B4F71A}
		{A84339B3-9F3F-4519-BD8E-832B7723AC1E} = {9ECE0809-26D3-4444-9385-C09E17B4F71A}
		{71644198-7311-4407-AF61-57119EB61240} = {0274CCAA-A949-4071-AEC6-387CA6FC9FC2}
		{120BE52C-3523-4370-9617-C1383E9A3427} = {0274CCAA-A949-4071-AEC6-387CA6FC9FC2}
		{935D7761-29F0-4E94-B668-E2EFE06405FA} = {0274CCAA-A949-4071-AEC6-387CA6FC9FC2}
		{BEE3496C-93E4-4ABD-A29E-3D5705804754} = {0274CCAA-A949-4071-AEC6-387CA6FC9FC2}
		{7CE19CAE-FA86-4FEF-873A-20C5C2F0C7B6} = {0274CCAA-A949-4071-AEC6-387CA6FC9FC2}
		{AEB5AE42-32B2-4964-9918-1E86CC209869} = {0274CCAA-A949-4071-AEC6-387CA6FC9FC2}
		{9BD2735E-A370-4730-B892-FA2EE2C228FB} = {0274CCAA-A949-4071-AEC6-387CA6FC9FC2}
		{A7889BCC-D9F2-404D-B787-AAC15E366A86} = {0274CCAA-A949-4071-AEC6-387CA6FC9FC2}
		{30A34B9C-0760-40E4-92C5-81EB58C06311} = {0274CCAA-A949-4071-AEC6-387CA6FC9FC2}
		{385F4312-6482-4A3A-9EE4-5B20018746B6} = {0274CCAA-A949-4071-AEC6-387CA6FC9FC2}
		{5AC644F4-035A-49F7-A80A-3C842E05A8FD} = {935D7761-29F0-4E94-B668-E2EFE06405FA}
		{AE8F622A-FE84-48DE-86DC-E8BD9589787E} = {935D7761-29F0-4E94-B668-E2EFE06405FA}
		{8B996192-68B9-4EA3-B797-FABF871AC815} = {935D7761-29F0-4E94-B668-E2EFE06405FA}
		{377E6BF8-25FF-45B3-B1D8-2796C3ED2345} = {935D7761-29F0-4E94-B668-E2EFE06405FA}
		{CAE741F7-1594-48F3-AAFE-ED3DCA06B29D} = {935D7761-29F0-4E94-B668-E2EFE06405FA}
		{4DB002AF-916E-46B1-A74C-BDD883DCC4C0} = {935D7761-29F0-4E94-B668-E2EFE06405FA}
		{8B919F30-AA02-44DD-8223-285D6B8FDB2D} = {935D7761-29F0-4E94-B668-E2EFE06405FA}
		{8EA223D2-22FA-47A0-8DEF-44512AA23F62} = {935D7761-29F0-4E94-B668-E2EFE06405FA}
		{F6F1BD6C-1743-492A-A18C-810E2C5601F2} = {2481C90A-D58F-4F4B-8E0D-F709E05C63F9}
		{4FDF48B5-790A-4717-A798-D18D76032DF7} = {2481C90A-D58F-4F4B-8E0D-F709E05C63F9}
		{1B4351C6-BAAD-4075-A322-CAF4FE582392} = {2481C90A-D58F-4F4B-8E0D-F709E05C63F9}
	EndGlobalSection
EndGlobal
