
Microsoft Visual Studio Solution File, Format Version 11.00
# Visual Studio 2010
Project("{FAE04EC0-301F-11D3-BF4B-00C04F79EFBC}") = "Procon.Examples.EmptyPlugin", "Procon.Examples.EmptyPlugin\Procon.Examples.EmptyPlugin.csproj", "{120BE52C-3523-4370-9617-C1383E9A3427}"
EndProject
Project("{FAE04EC0-301F-11D3-BF4B-00C04F79EFBC}") = "Procon.Core", "Procon.Core\Procon.Core.csproj", "{153B5418-C6B3-43A5-A432-BAFFA8EFAA16}"
EndProject
Project("{FAE04EC0-301F-11D3-BF4B-00C04F79EFBC}") = "Procon.Net", "Procon.Net\Procon.Net.csproj", "{65C1DB17-18E0-4AC5-8709-3F7E04B88CA1}"
EndProject
Project("{FAE04EC0-301F-11D3-BF4B-00C04F79EFBC}") = "Procon.Examples.CommandRouting", "Procon.Examples.CommandRouting\Procon.Examples.CommandRouting.csproj", "{71644198-7311-4407-AF61-57119EB61240}"
EndProject
Project("{2150E333-8FDC-42A3-9474-1A3956D46DE8}") = "Procon", "Procon", "{49D8AA8A-25E6-43F7-80F8-42B5AA28334F}"
EndProject
Global
	GlobalSection(SolutionConfigurationPlatforms) = preSolution
		Debug|Any CPU = Debug|Any CPU
		Release|Any CPU = Release|Any CPU
	EndGlobalSection
	GlobalSection(ProjectConfigurationPlatforms) = postSolution
		{120BE52C-3523-4370-9617-C1383E9A3427}.Debug|Any CPU.ActiveCfg = Debug|Any CPU
		{120BE52C-3523-4370-9617-C1383E9A3427}.Debug|Any CPU.Build.0 = Debug|Any CPU
		{120BE52C-3523-4370-9617-C1383E9A3427}.Release|Any CPU.ActiveCfg = Release|Any CPU
		{120BE52C-3523-4370-9617-C1383E9A3427}.Release|Any CPU.Build.0 = Release|Any CPU
		{153B5418-C6B3-43A5-A432-BAFFA8EFAA16}.Debug|Any CPU.ActiveCfg = Debug|Any CPU
		{153B5418-C6B3-43A5-A432-BAFFA8EFAA16}.Debug|Any CPU.Build.0 = Debug|Any CPU
		{153B5418-C6B3-43A5-A432-BAFFA8EFAA16}.Release|Any CPU.ActiveCfg = Release|Any CPU
		{153B5418-C6B3-43A5-A432-BAFFA8EFAA16}.Release|Any CPU.Build.0 = Release|Any CPU
		{65C1DB17-18E0-4AC5-8709-3F7E04B88CA1}.Debug|Any CPU.ActiveCfg = Debug|Any CPU
		{65C1DB17-18E0-4AC5-8709-3F7E04B88CA1}.Debug|Any CPU.Build.0 = Debug|Any CPU
		{65C1DB17-18E0-4AC5-8709-3F7E04B88CA1}.Release|Any CPU.ActiveCfg = Release|Any CPU
		{65C1DB17-18E0-4AC5-8709-3F7E04B88CA1}.Release|Any CPU.Build.0 = Release|Any CPU
		{71644198-7311-4407-AF61-57119EB61240}.Debug|Any CPU.ActiveCfg = Debug|Any CPU
		{71644198-7311-4407-AF61-57119EB61240}.Debug|Any CPU.Build.0 = Debug|Any CPU
		{71644198-7311-4407-AF61-57119EB61240}.Release|Any CPU.ActiveCfg = Release|Any CPU
		{71644198-7311-4407-AF61-57119EB61240}.Release|Any CPU.Build.0 = Release|Any CPU
	EndGlobalSection
	GlobalSection(SolutionProperties) = preSolution
		HideSolutionNode = FALSE
	EndGlobalSection
	GlobalSection(NestedProjects) = preSolution
		{65C1DB17-18E0-4AC5-8709-3F7E04B88CA1} = {49D8AA8A-25E6-43F7-80F8-42B5AA28334F}
		{153B5418-C6B3-43A5-A432-BAFFA8EFAA16} = {49D8AA8A-25E6-43F7-80F8-42B5AA28334F}
	EndGlobalSection
EndGlobal
